// !$*UTF8*$!
{
	archiveVersion = 1;
	classes = {
	};
	objectVersion = 51;
	objects = {

/* Begin PBXBuildFile section */
		941A3B6C2377E6C20042BE30 /* UserManagement.storyboard in Resources */ = {isa = PBXBuildFile; fileRef = 941A3B6B2377E6C20042BE30 /* UserManagement.storyboard */; };
		941A3B6E2377E6EB0042BE30 /* UserManagementViewController.swift in Sources */ = {isa = PBXBuildFile; fileRef = 941A3B6D2377E6EB0042BE30 /* UserManagementViewController.swift */; };
		941A3B782377ED270042BE30 /* WelcomeViewController.swift in Sources */ = {isa = PBXBuildFile; fileRef = 941A3B772377ED270042BE30 /* WelcomeViewController.swift */; };
		941A3B7A2377EE0E0042BE30 /* WelcomeContainer.swift in Sources */ = {isa = PBXBuildFile; fileRef = 941A3B792377EE0E0042BE30 /* WelcomeContainer.swift */; };
		941A3B7F2377F37B0042BE30 /* LogoRepository.swift in Sources */ = {isa = PBXBuildFile; fileRef = 941A3B7E2377F37B0042BE30 /* LogoRepository.swift */; };
		941A3B812377F3EB0042BE30 /* LogoRepositoryImp.swift in Sources */ = {isa = PBXBuildFile; fileRef = 941A3B802377F3EB0042BE30 /* LogoRepositoryImp.swift */; };
		941A3B842377F7EC0042BE30 /* WelcomeViewModel.swift in Sources */ = {isa = PBXBuildFile; fileRef = 941A3B832377F7EC0042BE30 /* WelcomeViewModel.swift */; };
		94264D7523755B0800D5397D /* AppDependencyContainer.swift in Sources */ = {isa = PBXBuildFile; fileRef = 94264D7423755B0800D5397D /* AppDependencyContainer.swift */; };
		94264D8123755CA500D5397D /* UserSessionRepositoryImp.swift in Sources */ = {isa = PBXBuildFile; fileRef = 94264D8023755CA500D5397D /* UserSessionRepositoryImp.swift */; };
		94264D8523755D1700D5397D /* UserSessionRepository.swift in Sources */ = {isa = PBXBuildFile; fileRef = 94264D8423755D1700D5397D /* UserSessionRepository.swift */; };
		94264D8823755D5C00D5397D /* UserSession.swift in Sources */ = {isa = PBXBuildFile; fileRef = 94264D8723755D5C00D5397D /* UserSession.swift */; };
		94264D8D2375601C00D5397D /* ReadUserSessionError.swift in Sources */ = {isa = PBXBuildFile; fileRef = 94264D8C2375601C00D5397D /* ReadUserSessionError.swift */; };
		94264DA72375860200D5397D /* Welcome.storyboard in Resources */ = {isa = PBXBuildFile; fileRef = 94264DA62375860200D5397D /* Welcome.storyboard */; };
		94264DA9237589B000D5397D /* GoogleService-Info.plist in Resources */ = {isa = PBXBuildFile; fileRef = 94264DA8237589B000D5397D /* GoogleService-Info.plist */; };
		94461A4D23856BC70092030E /* EditNoteViewModel.swift in Sources */ = {isa = PBXBuildFile; fileRef = 94461A4C23856BC70092030E /* EditNoteViewModel.swift */; };
		94461A5023856BFF0092030E /* EditNoteRepository.swift in Sources */ = {isa = PBXBuildFile; fileRef = 94461A4F23856BFF0092030E /* EditNoteRepository.swift */; };
		94461A5223856C500092030E /* EditNoteRepositoryImp.swift in Sources */ = {isa = PBXBuildFile; fileRef = 94461A5123856C500092030E /* EditNoteRepositoryImp.swift */; };
		94461A54238575590092030E /* EditNoteNavigator.swift in Sources */ = {isa = PBXBuildFile; fileRef = 94461A53238575590092030E /* EditNoteNavigator.swift */; };
		9446C44A2372B6A400D3F220 /* AppDelegate.swift in Sources */ = {isa = PBXBuildFile; fileRef = 9446C4492372B6A400D3F220 /* AppDelegate.swift */; };
		9446C44C2372B6A400D3F220 /* SceneDelegate.swift in Sources */ = {isa = PBXBuildFile; fileRef = 9446C44B2372B6A400D3F220 /* SceneDelegate.swift */; };
		9446C4552372B6A600D3F220 /* Assets.xcassets in Resources */ = {isa = PBXBuildFile; fileRef = 9446C4542372B6A600D3F220 /* Assets.xcassets */; };
		9446C4582372B6A600D3F220 /* LaunchScreen.storyboard in Resources */ = {isa = PBXBuildFile; fileRef = 9446C4562372B6A600D3F220 /* LaunchScreen.storyboard */; };
		947F1A432383D0A500B2BDFD /* ListNotesCell.swift in Sources */ = {isa = PBXBuildFile; fileRef = 947F1A422383D0A500B2BDFD /* ListNotesCell.swift */; };
		947F1A452383D6F600B2BDFD /* ListNotesRepository.swift in Sources */ = {isa = PBXBuildFile; fileRef = 947F1A442383D6F600B2BDFD /* ListNotesRepository.swift */; };
		947F1A482383DAB900B2BDFD /* ListNotesRepositoryImp.swift in Sources */ = {isa = PBXBuildFile; fileRef = 947F1A472383DAB900B2BDFD /* ListNotesRepositoryImp.swift */; };
		947F1A4E2383F50600B2BDFD /* UITableView+Extensions.swift in Sources */ = {isa = PBXBuildFile; fileRef = 947F1A4D2383F50600B2BDFD /* UITableView+Extensions.swift */; };
		947F1A502383F64300B2BDFD /* ListNotesViewModel.swift in Sources */ = {isa = PBXBuildFile; fileRef = 947F1A4F2383F64300B2BDFD /* ListNotesViewModel.swift */; };
		947F1A55238403E100B2BDFD /* ListNotesContainer.swift in Sources */ = {isa = PBXBuildFile; fileRef = 947F1A54238403E100B2BDFD /* ListNotesContainer.swift */; };
		947F1A572384076C00B2BDFD /* ListNotesNavigator.swift in Sources */ = {isa = PBXBuildFile; fileRef = 947F1A562384076C00B2BDFD /* ListNotesNavigator.swift */; };
		948BD84D2387C55E0054DCA9 /* UserManagementViewModel.swift in Sources */ = {isa = PBXBuildFile; fileRef = 948BD84C2387C55E0054DCA9 /* UserManagementViewModel.swift */; };
		948BD8512387C5920054DCA9 /* UserManagementRepository.swift in Sources */ = {isa = PBXBuildFile; fileRef = 948BD8502387C5920054DCA9 /* UserManagementRepository.swift */; };
		948BD8532387C5C20054DCA9 /* UserManagementRepositoryImp.swift in Sources */ = {isa = PBXBuildFile; fileRef = 948BD8522387C5C20054DCA9 /* UserManagementRepositoryImp.swift */; };
		948BD8562387C5FD0054DCA9 /* UserManagementContainer.swift in Sources */ = {isa = PBXBuildFile; fileRef = 948BD8552387C5FD0054DCA9 /* UserManagementContainer.swift */; };
		948BD85D2387CAF10054DCA9 /* SignOutInteractor.swift in Sources */ = {isa = PBXBuildFile; fileRef = 948BD85C2387CAF10054DCA9 /* SignOutInteractor.swift */; };
		948BD8652387CF8B0054DCA9 /* UserManagementNavigator.swift in Sources */ = {isa = PBXBuildFile; fileRef = 948BD8642387CF8B0054DCA9 /* UserManagementNavigator.swift */; };
		949A7F072386AE3D00309BBA /* AddNote.storyboard in Resources */ = {isa = PBXBuildFile; fileRef = 949A7F062386AE3D00309BBA /* AddNote.storyboard */; };
		949A7F092386AE6D00309BBA /* AddNoteViewController.swift in Sources */ = {isa = PBXBuildFile; fileRef = 949A7F082386AE6D00309BBA /* AddNoteViewController.swift */; };
		949A7F0B2386B51100309BBA /* AddNoteViewModel.swift in Sources */ = {isa = PBXBuildFile; fileRef = 949A7F0A2386B51100309BBA /* AddNoteViewModel.swift */; };
		949A7F0D2386B55500309BBA /* AddNoteRepository.swift in Sources */ = {isa = PBXBuildFile; fileRef = 949A7F0C2386B55500309BBA /* AddNoteRepository.swift */; };
		949A7F0F2386B59400309BBA /* AddNoteRepositoryImp.swift in Sources */ = {isa = PBXBuildFile; fileRef = 949A7F0E2386B59400309BBA /* AddNoteRepositoryImp.swift */; };
		949A7F112386B87100309BBA /* AddNoteNavigator.swift in Sources */ = {isa = PBXBuildFile; fileRef = 949A7F102386B87100309BBA /* AddNoteNavigator.swift */; };
		949A7F132386BCD500309BBA /* AddNoteContainer.swift in Sources */ = {isa = PBXBuildFile; fileRef = 949A7F122386BCD500309BBA /* AddNoteContainer.swift */; };
		949DC166237C148700ED7EC1 /* SignInInteractor.swift in Sources */ = {isa = PBXBuildFile; fileRef = 949DC165237C148700ED7EC1 /* SignInInteractor.swift */; };
		949DC16A237C14AA00ED7EC1 /* SignInRepository.swift in Sources */ = {isa = PBXBuildFile; fileRef = 949DC169237C14AA00ED7EC1 /* SignInRepository.swift */; };
		949DC16C237C187D00ED7EC1 /* SignInViewModel.swift in Sources */ = {isa = PBXBuildFile; fileRef = 949DC16B237C187D00ED7EC1 /* SignInViewModel.swift */; };
		949DC16F237C1CFD00ED7EC1 /* SignInContainer.swift in Sources */ = {isa = PBXBuildFile; fileRef = 949DC16E237C1CFD00ED7EC1 /* SignInContainer.swift */; };
		949DC171237C1D6F00ED7EC1 /* SignInRepositoryImp.swift in Sources */ = {isa = PBXBuildFile; fileRef = 949DC170237C1D6F00ED7EC1 /* SignInRepositoryImp.swift */; };
		94AB374E2382A0CF0038471F /* Note.swift in Sources */ = {isa = PBXBuildFile; fileRef = 94AB374D2382A0CF0038471F /* Note.swift */; };
		94AB37512382A4BB0038471F /* RealmProvider.swift in Sources */ = {isa = PBXBuildFile; fileRef = 94AB37502382A4BB0038471F /* RealmProvider.swift */; };
		94AB37532382A8540038471F /* PathProvider.swift in Sources */ = {isa = PBXBuildFile; fileRef = 94AB37522382A8540038471F /* PathProvider.swift */; };
		94B5AE1623855C6E00651FD7 /* EditNote.storyboard in Resources */ = {isa = PBXBuildFile; fileRef = 94B5AE1523855C6E00651FD7 /* EditNote.storyboard */; };
		94B5AE1823855CB000651FD7 /* EditNoteViewController.swift in Sources */ = {isa = PBXBuildFile; fileRef = 94B5AE1723855CB000651FD7 /* EditNoteViewController.swift */; };
		94B5AE1B23855FC900651FD7 /* EditNoteContainer.swift in Sources */ = {isa = PBXBuildFile; fileRef = 94B5AE1A23855FC900651FD7 /* EditNoteContainer.swift */; };
		94C1B34123799BAC006AFA55 /* UIViewController+Extensions.swift in Sources */ = {isa = PBXBuildFile; fileRef = 94C1B34023799BAC006AFA55 /* UIViewController+Extensions.swift */; };
		94C1B3502379A1FF006AFA55 /* RegisterInfo.swift in Sources */ = {isa = PBXBuildFile; fileRef = 94C1B34F2379A1FF006AFA55 /* RegisterInfo.swift */; };
		94C1B3532379A293006AFA55 /* SignUpRepository.swift in Sources */ = {isa = PBXBuildFile; fileRef = 94C1B3522379A293006AFA55 /* SignUpRepository.swift */; };
		94C1B3552379A302006AFA55 /* SignUpRepositoryImp.swift in Sources */ = {isa = PBXBuildFile; fileRef = 94C1B3542379A302006AFA55 /* SignUpRepositoryImp.swift */; };
		94C1B3572379A9B4006AFA55 /* SignUpInteractor.swift in Sources */ = {isa = PBXBuildFile; fileRef = 94C1B3562379A9B4006AFA55 /* SignUpInteractor.swift */; };
		94CDE45E237D655F002FFD8C /* SignInNavigator.swift in Sources */ = {isa = PBXBuildFile; fileRef = 94CDE45D237D655F002FFD8C /* SignInNavigator.swift */; };
		94CDE461237D92F8002FFD8C /* EmailValidator.swift in Sources */ = {isa = PBXBuildFile; fileRef = 94CDE460237D92F8002FFD8C /* EmailValidator.swift */; };
		94CDE463237D9329002FFD8C /* PasswordValidator.swift in Sources */ = {isa = PBXBuildFile; fileRef = 94CDE462237D9329002FFD8C /* PasswordValidator.swift */; };
		94CDE465237D9359002FFD8C /* MobileNumberValidator.swift in Sources */ = {isa = PBXBuildFile; fileRef = 94CDE464237D9359002FFD8C /* MobileNumberValidator.swift */; };
		94CDE467237D937D002FFD8C /* RequiredFieldValidator.swift in Sources */ = {isa = PBXBuildFile; fileRef = 94CDE466237D937D002FFD8C /* RequiredFieldValidator.swift */; };
		94D2E176237AB257004F00CA /* SignUpViewModel.swift in Sources */ = {isa = PBXBuildFile; fileRef = 94D2E175237AB257004F00CA /* SignUpViewModel.swift */; };
		94D2E178237AB26B004F00CA /* SignUpViewController.swift in Sources */ = {isa = PBXBuildFile; fileRef = 94D2E177237AB26B004F00CA /* SignUpViewController.swift */; };
		94D2E17A237AB276004F00CA /* SignUp.storyboard in Resources */ = {isa = PBXBuildFile; fileRef = 94D2E179237AB276004F00CA /* SignUp.storyboard */; };
		94D2E17D237AB2B5004F00CA /* SignUpContainer.swift in Sources */ = {isa = PBXBuildFile; fileRef = 94D2E17C237AB2B5004F00CA /* SignUpContainer.swift */; };
		94D2E182237ACD94004F00CA /* SignUpNavigator.swift in Sources */ = {isa = PBXBuildFile; fileRef = 94D2E181237ACD94004F00CA /* SignUpNavigator.swift */; };
		94D2E184237AD3A1004F00CA /* WelcomeNavigator.swift in Sources */ = {isa = PBXBuildFile; fileRef = 94D2E183237AD3A1004F00CA /* WelcomeNavigator.swift */; };
		94D2E187237ADF54004F00CA /* ValidatorProvider.swift in Sources */ = {isa = PBXBuildFile; fileRef = 94D2E186237ADF54004F00CA /* ValidatorProvider.swift */; };
		94D2E189237AEAC2004F00CA /* SignIn.storyboard in Resources */ = {isa = PBXBuildFile; fileRef = 94D2E188237AEAC2004F00CA /* SignIn.storyboard */; };
		94D2E18B237AEB0F004F00CA /* SignInViewController.swift in Sources */ = {isa = PBXBuildFile; fileRef = 94D2E18A237AEB0F004F00CA /* SignInViewController.swift */; };
		94F4484A237FF073005B8C01 /* ListNotes.storyboard in Resources */ = {isa = PBXBuildFile; fileRef = 94F44849237FF073005B8C01 /* ListNotes.storyboard */; };
		94F4484D237FF0CB005B8C01 /* ListNotesViewController.swift in Sources */ = {isa = PBXBuildFile; fileRef = 94F4484C237FF0CB005B8C01 /* ListNotesViewController.swift */; };
		D35017A1E8E7434AB50AC0F0 /* Pods_ChatUI.framework in Frameworks */ = {isa = PBXBuildFile; fileRef = 05A0D5C949700E1DD2E08647 /* Pods_ChatUI.framework */; };
/* End PBXBuildFile section */

/* Begin PBXFileReference section */
		05A0D5C949700E1DD2E08647 /* Pods_ChatUI.framework */ = {isa = PBXFileReference; explicitFileType = wrapper.framework; includeInIndex = 0; path = Pods_ChatUI.framework; sourceTree = BUILT_PRODUCTS_DIR; };
		5174C55BACC120A68547CABB /* Pods-ChatUI.debug.xcconfig */ = {isa = PBXFileReference; includeInIndex = 1; lastKnownFileType = text.xcconfig; name = "Pods-ChatUI.debug.xcconfig"; path = "Target Support Files/Pods-ChatUI/Pods-ChatUI.debug.xcconfig"; sourceTree = "<group>"; };
		941A3B6B2377E6C20042BE30 /* UserManagement.storyboard */ = {isa = PBXFileReference; lastKnownFileType = file.storyboard; path = UserManagement.storyboard; sourceTree = "<group>"; };
		941A3B6D2377E6EB0042BE30 /* UserManagementViewController.swift */ = {isa = PBXFileReference; lastKnownFileType = sourcecode.swift; path = UserManagementViewController.swift; sourceTree = "<group>"; };
		941A3B772377ED270042BE30 /* WelcomeViewController.swift */ = {isa = PBXFileReference; lastKnownFileType = sourcecode.swift; path = WelcomeViewController.swift; sourceTree = "<group>"; };
		941A3B792377EE0E0042BE30 /* WelcomeContainer.swift */ = {isa = PBXFileReference; lastKnownFileType = sourcecode.swift; path = WelcomeContainer.swift; sourceTree = "<group>"; };
		941A3B7E2377F37B0042BE30 /* LogoRepository.swift */ = {isa = PBXFileReference; lastKnownFileType = sourcecode.swift; path = LogoRepository.swift; sourceTree = "<group>"; };
		941A3B802377F3EB0042BE30 /* LogoRepositoryImp.swift */ = {isa = PBXFileReference; lastKnownFileType = sourcecode.swift; path = LogoRepositoryImp.swift; sourceTree = "<group>"; };
		941A3B832377F7EC0042BE30 /* WelcomeViewModel.swift */ = {isa = PBXFileReference; lastKnownFileType = sourcecode.swift; path = WelcomeViewModel.swift; sourceTree = "<group>"; };
		94264D7423755B0800D5397D /* AppDependencyContainer.swift */ = {isa = PBXFileReference; lastKnownFileType = sourcecode.swift; path = AppDependencyContainer.swift; sourceTree = "<group>"; };
		94264D8023755CA500D5397D /* UserSessionRepositoryImp.swift */ = {isa = PBXFileReference; lastKnownFileType = sourcecode.swift; path = UserSessionRepositoryImp.swift; sourceTree = "<group>"; };
		94264D8423755D1700D5397D /* UserSessionRepository.swift */ = {isa = PBXFileReference; lastKnownFileType = sourcecode.swift; path = UserSessionRepository.swift; sourceTree = "<group>"; };
		94264D8723755D5C00D5397D /* UserSession.swift */ = {isa = PBXFileReference; lastKnownFileType = sourcecode.swift; path = UserSession.swift; sourceTree = "<group>"; };
		94264D8C2375601C00D5397D /* ReadUserSessionError.swift */ = {isa = PBXFileReference; lastKnownFileType = sourcecode.swift; path = ReadUserSessionError.swift; sourceTree = "<group>"; };
		94264DA62375860200D5397D /* Welcome.storyboard */ = {isa = PBXFileReference; lastKnownFileType = file.storyboard; path = Welcome.storyboard; sourceTree = "<group>"; };
		94264DA8237589B000D5397D /* GoogleService-Info.plist */ = {isa = PBXFileReference; fileEncoding = 4; lastKnownFileType = text.plist.xml; path = "GoogleService-Info.plist"; sourceTree = "<group>"; };
		94461A4C23856BC70092030E /* EditNoteViewModel.swift */ = {isa = PBXFileReference; lastKnownFileType = sourcecode.swift; path = EditNoteViewModel.swift; sourceTree = "<group>"; };
		94461A4F23856BFF0092030E /* EditNoteRepository.swift */ = {isa = PBXFileReference; lastKnownFileType = sourcecode.swift; path = EditNoteRepository.swift; sourceTree = "<group>"; };
		94461A5123856C500092030E /* EditNoteRepositoryImp.swift */ = {isa = PBXFileReference; lastKnownFileType = sourcecode.swift; path = EditNoteRepositoryImp.swift; sourceTree = "<group>"; };
		94461A53238575590092030E /* EditNoteNavigator.swift */ = {isa = PBXFileReference; lastKnownFileType = sourcecode.swift; path = EditNoteNavigator.swift; sourceTree = "<group>"; };
		9446C4462372B6A400D3F220 /* ChatUI.app */ = {isa = PBXFileReference; explicitFileType = wrapper.application; includeInIndex = 0; path = ChatUI.app; sourceTree = BUILT_PRODUCTS_DIR; };
		9446C4492372B6A400D3F220 /* AppDelegate.swift */ = {isa = PBXFileReference; lastKnownFileType = sourcecode.swift; path = AppDelegate.swift; sourceTree = "<group>"; };
		9446C44B2372B6A400D3F220 /* SceneDelegate.swift */ = {isa = PBXFileReference; lastKnownFileType = sourcecode.swift; path = SceneDelegate.swift; sourceTree = "<group>"; };
		9446C4542372B6A600D3F220 /* Assets.xcassets */ = {isa = PBXFileReference; lastKnownFileType = folder.assetcatalog; path = Assets.xcassets; sourceTree = "<group>"; };
		9446C4572372B6A600D3F220 /* Base */ = {isa = PBXFileReference; lastKnownFileType = file.storyboard; name = Base; path = Base.lproj/LaunchScreen.storyboard; sourceTree = "<group>"; };
		9446C4592372B6A600D3F220 /* Info.plist */ = {isa = PBXFileReference; lastKnownFileType = text.plist.xml; path = Info.plist; sourceTree = "<group>"; };
		947F1A422383D0A500B2BDFD /* ListNotesCell.swift */ = {isa = PBXFileReference; lastKnownFileType = sourcecode.swift; path = ListNotesCell.swift; sourceTree = "<group>"; };
		947F1A442383D6F600B2BDFD /* ListNotesRepository.swift */ = {isa = PBXFileReference; lastKnownFileType = sourcecode.swift; path = ListNotesRepository.swift; sourceTree = "<group>"; };
		947F1A472383DAB900B2BDFD /* ListNotesRepositoryImp.swift */ = {isa = PBXFileReference; lastKnownFileType = sourcecode.swift; path = ListNotesRepositoryImp.swift; sourceTree = "<group>"; };
		947F1A4D2383F50600B2BDFD /* UITableView+Extensions.swift */ = {isa = PBXFileReference; lastKnownFileType = sourcecode.swift; path = "UITableView+Extensions.swift"; sourceTree = "<group>"; };
		947F1A4F2383F64300B2BDFD /* ListNotesViewModel.swift */ = {isa = PBXFileReference; lastKnownFileType = sourcecode.swift; path = ListNotesViewModel.swift; sourceTree = "<group>"; };
		947F1A54238403E100B2BDFD /* ListNotesContainer.swift */ = {isa = PBXFileReference; lastKnownFileType = sourcecode.swift; path = ListNotesContainer.swift; sourceTree = "<group>"; };
		947F1A562384076C00B2BDFD /* ListNotesNavigator.swift */ = {isa = PBXFileReference; lastKnownFileType = sourcecode.swift; path = ListNotesNavigator.swift; sourceTree = "<group>"; };
		948BD84C2387C55E0054DCA9 /* UserManagementViewModel.swift */ = {isa = PBXFileReference; lastKnownFileType = sourcecode.swift; path = UserManagementViewModel.swift; sourceTree = "<group>"; };
		948BD8502387C5920054DCA9 /* UserManagementRepository.swift */ = {isa = PBXFileReference; lastKnownFileType = sourcecode.swift; path = UserManagementRepository.swift; sourceTree = "<group>"; };
		948BD8522387C5C20054DCA9 /* UserManagementRepositoryImp.swift */ = {isa = PBXFileReference; lastKnownFileType = sourcecode.swift; path = UserManagementRepositoryImp.swift; sourceTree = "<group>"; };
		948BD8552387C5FD0054DCA9 /* UserManagementContainer.swift */ = {isa = PBXFileReference; lastKnownFileType = sourcecode.swift; path = UserManagementContainer.swift; sourceTree = "<group>"; };
		948BD85C2387CAF10054DCA9 /* SignOutInteractor.swift */ = {isa = PBXFileReference; lastKnownFileType = sourcecode.swift; path = SignOutInteractor.swift; sourceTree = "<group>"; };
		948BD8642387CF8B0054DCA9 /* UserManagementNavigator.swift */ = {isa = PBXFileReference; lastKnownFileType = sourcecode.swift; path = UserManagementNavigator.swift; sourceTree = "<group>"; };
		949A7F062386AE3D00309BBA /* AddNote.storyboard */ = {isa = PBXFileReference; lastKnownFileType = file.storyboard; path = AddNote.storyboard; sourceTree = "<group>"; };
		949A7F082386AE6D00309BBA /* AddNoteViewController.swift */ = {isa = PBXFileReference; lastKnownFileType = sourcecode.swift; path = AddNoteViewController.swift; sourceTree = "<group>"; };
		949A7F0A2386B51100309BBA /* AddNoteViewModel.swift */ = {isa = PBXFileReference; lastKnownFileType = sourcecode.swift; path = AddNoteViewModel.swift; sourceTree = "<group>"; };
		949A7F0C2386B55500309BBA /* AddNoteRepository.swift */ = {isa = PBXFileReference; lastKnownFileType = sourcecode.swift; path = AddNoteRepository.swift; sourceTree = "<group>"; };
		949A7F0E2386B59400309BBA /* AddNoteRepositoryImp.swift */ = {isa = PBXFileReference; lastKnownFileType = sourcecode.swift; path = AddNoteRepositoryImp.swift; sourceTree = "<group>"; };
		949A7F102386B87100309BBA /* AddNoteNavigator.swift */ = {isa = PBXFileReference; lastKnownFileType = sourcecode.swift; path = AddNoteNavigator.swift; sourceTree = "<group>"; };
		949A7F122386BCD500309BBA /* AddNoteContainer.swift */ = {isa = PBXFileReference; lastKnownFileType = sourcecode.swift; path = AddNoteContainer.swift; sourceTree = "<group>"; };
		949DC165237C148700ED7EC1 /* SignInInteractor.swift */ = {isa = PBXFileReference; lastKnownFileType = sourcecode.swift; path = SignInInteractor.swift; sourceTree = "<group>"; };
		949DC169237C14AA00ED7EC1 /* SignInRepository.swift */ = {isa = PBXFileReference; lastKnownFileType = sourcecode.swift; path = SignInRepository.swift; sourceTree = "<group>"; };
		949DC16B237C187D00ED7EC1 /* SignInViewModel.swift */ = {isa = PBXFileReference; lastKnownFileType = sourcecode.swift; path = SignInViewModel.swift; sourceTree = "<group>"; };
		949DC16E237C1CFD00ED7EC1 /* SignInContainer.swift */ = {isa = PBXFileReference; lastKnownFileType = sourcecode.swift; path = SignInContainer.swift; sourceTree = "<group>"; };
		949DC170237C1D6F00ED7EC1 /* SignInRepositoryImp.swift */ = {isa = PBXFileReference; lastKnownFileType = sourcecode.swift; path = SignInRepositoryImp.swift; sourceTree = "<group>"; };
		94AB374D2382A0CF0038471F /* Note.swift */ = {isa = PBXFileReference; lastKnownFileType = sourcecode.swift; path = Note.swift; sourceTree = "<group>"; };
		94AB37502382A4BB0038471F /* RealmProvider.swift */ = {isa = PBXFileReference; lastKnownFileType = sourcecode.swift; path = RealmProvider.swift; sourceTree = "<group>"; };
		94AB37522382A8540038471F /* PathProvider.swift */ = {isa = PBXFileReference; lastKnownFileType = sourcecode.swift; path = PathProvider.swift; sourceTree = "<group>"; };
		94B5AE1523855C6E00651FD7 /* EditNote.storyboard */ = {isa = PBXFileReference; lastKnownFileType = file.storyboard; path = EditNote.storyboard; sourceTree = "<group>"; };
		94B5AE1723855CB000651FD7 /* EditNoteViewController.swift */ = {isa = PBXFileReference; lastKnownFileType = sourcecode.swift; path = EditNoteViewController.swift; sourceTree = "<group>"; };
		94B5AE1A23855FC900651FD7 /* EditNoteContainer.swift */ = {isa = PBXFileReference; lastKnownFileType = sourcecode.swift; path = EditNoteContainer.swift; sourceTree = "<group>"; };
		94C1B34023799BAC006AFA55 /* UIViewController+Extensions.swift */ = {isa = PBXFileReference; lastKnownFileType = sourcecode.swift; path = "UIViewController+Extensions.swift"; sourceTree = "<group>"; };
		94C1B34F2379A1FF006AFA55 /* RegisterInfo.swift */ = {isa = PBXFileReference; lastKnownFileType = sourcecode.swift; path = RegisterInfo.swift; sourceTree = "<group>"; };
		94C1B3522379A293006AFA55 /* SignUpRepository.swift */ = {isa = PBXFileReference; lastKnownFileType = sourcecode.swift; path = SignUpRepository.swift; sourceTree = "<group>"; };
		94C1B3542379A302006AFA55 /* SignUpRepositoryImp.swift */ = {isa = PBXFileReference; lastKnownFileType = sourcecode.swift; path = SignUpRepositoryImp.swift; sourceTree = "<group>"; };
		94C1B3562379A9B4006AFA55 /* SignUpInteractor.swift */ = {isa = PBXFileReference; lastKnownFileType = sourcecode.swift; path = SignUpInteractor.swift; sourceTree = "<group>"; };
		94CDE45D237D655F002FFD8C /* SignInNavigator.swift */ = {isa = PBXFileReference; lastKnownFileType = sourcecode.swift; path = SignInNavigator.swift; sourceTree = "<group>"; };
		94CDE460237D92F8002FFD8C /* EmailValidator.swift */ = {isa = PBXFileReference; lastKnownFileType = sourcecode.swift; path = EmailValidator.swift; sourceTree = "<group>"; };
		94CDE462237D9329002FFD8C /* PasswordValidator.swift */ = {isa = PBXFileReference; lastKnownFileType = sourcecode.swift; path = PasswordValidator.swift; sourceTree = "<group>"; };
		94CDE464237D9359002FFD8C /* MobileNumberValidator.swift */ = {isa = PBXFileReference; lastKnownFileType = sourcecode.swift; path = MobileNumberValidator.swift; sourceTree = "<group>"; };
		94CDE466237D937D002FFD8C /* RequiredFieldValidator.swift */ = {isa = PBXFileReference; lastKnownFileType = sourcecode.swift; path = RequiredFieldValidator.swift; sourceTree = "<group>"; };
		94D2E175237AB257004F00CA /* SignUpViewModel.swift */ = {isa = PBXFileReference; lastKnownFileType = sourcecode.swift; path = SignUpViewModel.swift; sourceTree = "<group>"; };
		94D2E177237AB26B004F00CA /* SignUpViewController.swift */ = {isa = PBXFileReference; lastKnownFileType = sourcecode.swift; path = SignUpViewController.swift; sourceTree = "<group>"; };
		94D2E179237AB276004F00CA /* SignUp.storyboard */ = {isa = PBXFileReference; lastKnownFileType = file.storyboard; path = SignUp.storyboard; sourceTree = "<group>"; };
		94D2E17C237AB2B5004F00CA /* SignUpContainer.swift */ = {isa = PBXFileReference; lastKnownFileType = sourcecode.swift; path = SignUpContainer.swift; sourceTree = "<group>"; };
		94D2E181237ACD94004F00CA /* SignUpNavigator.swift */ = {isa = PBXFileReference; lastKnownFileType = sourcecode.swift; path = SignUpNavigator.swift; sourceTree = "<group>"; };
		94D2E183237AD3A1004F00CA /* WelcomeNavigator.swift */ = {isa = PBXFileReference; lastKnownFileType = sourcecode.swift; path = WelcomeNavigator.swift; sourceTree = "<group>"; };
		94D2E186237ADF54004F00CA /* ValidatorProvider.swift */ = {isa = PBXFileReference; lastKnownFileType = sourcecode.swift; path = ValidatorProvider.swift; sourceTree = "<group>"; };
		94D2E188237AEAC2004F00CA /* SignIn.storyboard */ = {isa = PBXFileReference; lastKnownFileType = file.storyboard; path = SignIn.storyboard; sourceTree = "<group>"; };
		94D2E18A237AEB0F004F00CA /* SignInViewController.swift */ = {isa = PBXFileReference; lastKnownFileType = sourcecode.swift; path = SignInViewController.swift; sourceTree = "<group>"; };
		94F44849237FF073005B8C01 /* ListNotes.storyboard */ = {isa = PBXFileReference; lastKnownFileType = file.storyboard; path = ListNotes.storyboard; sourceTree = "<group>"; };
		94F4484C237FF0CB005B8C01 /* ListNotesViewController.swift */ = {isa = PBXFileReference; lastKnownFileType = sourcecode.swift; path = ListNotesViewController.swift; sourceTree = "<group>"; };
		ABC556FE391B883E5BAC91D1 /* Pods-ChatUI.release.xcconfig */ = {isa = PBXFileReference; includeInIndex = 1; lastKnownFileType = text.xcconfig; name = "Pods-ChatUI.release.xcconfig"; path = "Target Support Files/Pods-ChatUI/Pods-ChatUI.release.xcconfig"; sourceTree = "<group>"; };
/* End PBXFileReference section */

/* Begin PBXFrameworksBuildPhase section */
		9446C4432372B6A400D3F220 /* Frameworks */ = {
			isa = PBXFrameworksBuildPhase;
			buildActionMask = 2147483647;
			files = (
				D35017A1E8E7434AB50AC0F0 /* Pods_ChatUI.framework in Frameworks */,
			);
			runOnlyForDeploymentPostprocessing = 0;
		};
/* End PBXFrameworksBuildPhase section */

/* Begin PBXGroup section */
		941A3B6A2377E69B0042BE30 /* UserManagement */ = {
			isa = PBXGroup;
			children = (
				941A3B6B2377E6C20042BE30 /* UserManagement.storyboard */,
				948BD8542387C5E90054DCA9 /* DI */,
				948BD84B2387C53D0054DCA9 /* UI */,
				948BD84E2387C5660054DCA9 /* Domain */,
				948BD84F2387C56C0054DCA9 /* Data */,
			);
			path = UserManagement;
			sourceTree = "<group>";
		};
		941A3B7B2377F31D0042BE30 /* Domain */ = {
			isa = PBXGroup;
			children = (
				941A3B7D2377F3390042BE30 /* Repository */,
			);
			path = Domain;
			sourceTree = "<group>";
		};
		941A3B7C2377F3290042BE30 /* Data */ = {
			isa = PBXGroup;
			children = (
				941A3B802377F3EB0042BE30 /* LogoRepositoryImp.swift */,
			);
			path = Data;
			sourceTree = "<group>";
		};
		941A3B7D2377F3390042BE30 /* Repository */ = {
			isa = PBXGroup;
			children = (
				941A3B7E2377F37B0042BE30 /* LogoRepository.swift */,
			);
			path = Repository;
			sourceTree = "<group>";
		};
		941A3B822377F79E0042BE30 /* UI */ = {
			isa = PBXGroup;
			children = (
				941A3B772377ED270042BE30 /* WelcomeViewController.swift */,
				941A3B832377F7EC0042BE30 /* WelcomeViewModel.swift */,
				94D2E183237AD3A1004F00CA /* WelcomeNavigator.swift */,
			);
			path = UI;
			sourceTree = "<group>";
		};
		941A3B882377FE2E0042BE30 /* DI */ = {
			isa = PBXGroup;
			children = (
				941A3B792377EE0E0042BE30 /* WelcomeContainer.swift */,
			);
			path = DI;
			sourceTree = "<group>";
		};
		94264D7323755AE600D5397D /* App */ = {
			isa = PBXGroup;
			children = (
				94BC87B3237FCB5800740945 /* UI */,
				94264D8223755CFA00D5397D /* Domain */,
				94264D7F23755C7200D5397D /* Data */,
				9446C4492372B6A400D3F220 /* AppDelegate.swift */,
				9446C44B2372B6A400D3F220 /* SceneDelegate.swift */,
				94264D7423755B0800D5397D /* AppDependencyContainer.swift */,
			);
			path = App;
			sourceTree = "<group>";
		};
		94264D7623755B1900D5397D /* Assets */ = {
			isa = PBXGroup;
			children = (
				9446C4592372B6A600D3F220 /* Info.plist */,
				94264DA8237589B000D5397D /* GoogleService-Info.plist */,
				9446C4542372B6A600D3F220 /* Assets.xcassets */,
				9446C4562372B6A600D3F220 /* LaunchScreen.storyboard */,
			);
			path = Assets;
			sourceTree = "<group>";
		};
		94264D7F23755C7200D5397D /* Data */ = {
			isa = PBXGroup;
			children = (
				94AB374F2382A4250038471F /* Realm */,
				94264D8023755CA500D5397D /* UserSessionRepositoryImp.swift */,
				94AB37522382A8540038471F /* PathProvider.swift */,
			);
			path = Data;
			sourceTree = "<group>";
		};
		94264D8223755CFA00D5397D /* Domain */ = {
			isa = PBXGroup;
			children = (
				94AB374C2382A0BF0038471F /* Data Entities */,
				94264D8623755D4A00D5397D /* Model */,
				94264D8323755D0100D5397D /* Repository */,
			);
			path = Domain;
			sourceTree = "<group>";
		};
		94264D8323755D0100D5397D /* Repository */ = {
			isa = PBXGroup;
			children = (
				94264D8423755D1700D5397D /* UserSessionRepository.swift */,
			);
			path = Repository;
			sourceTree = "<group>";
		};
		94264D8623755D4A00D5397D /* Model */ = {
			isa = PBXGroup;
			children = (
				94264D8723755D5C00D5397D /* UserSession.swift */,
				94264D8C2375601C00D5397D /* ReadUserSessionError.swift */,
			);
			path = Model;
			sourceTree = "<group>";
		};
		94264D9D23757DD100D5397D /* Reusable */ = {
			isa = PBXGroup;
			children = (
				94264DA123757E2C00D5397D /* UIKit */,
			);
			path = Reusable;
			sourceTree = "<group>";
		};
		94264DA123757E2C00D5397D /* UIKit */ = {
			isa = PBXGroup;
			children = (
				94C1B33F23799B97006AFA55 /* Extensions */,
			);
			path = UIKit;
			sourceTree = "<group>";
		};
		94264DA5237585A300D5397D /* Welcome */ = {
			isa = PBXGroup;
			children = (
				94264DA62375860200D5397D /* Welcome.storyboard */,
				941A3B882377FE2E0042BE30 /* DI */,
				941A3B822377F79E0042BE30 /* UI */,
				941A3B7B2377F31D0042BE30 /* Domain */,
				941A3B7C2377F3290042BE30 /* Data */,
			);
			path = Welcome;
			sourceTree = "<group>";
		};
		94461A4E23856BED0092030E /* Repository */ = {
			isa = PBXGroup;
			children = (
				94461A4F23856BFF0092030E /* EditNoteRepository.swift */,
			);
			path = Repository;
			sourceTree = "<group>";
		};
		9446C43D2372B6A400D3F220 = {
			isa = PBXGroup;
			children = (
				9446C4482372B6A400D3F220 /* ChatUI */,
				9446C4472372B6A400D3F220 /* Products */,
				D42AC423A88DDC1872F5C61C /* Pods */,
				F4A3F215921BF0514117E00C /* Frameworks */,
			);
			sourceTree = "<group>";
		};
		9446C4472372B6A400D3F220 /* Products */ = {
			isa = PBXGroup;
			children = (
				9446C4462372B6A400D3F220 /* ChatUI.app */,
			);
			name = Products;
			sourceTree = "<group>";
		};
		9446C4482372B6A400D3F220 /* ChatUI */ = {
			isa = PBXGroup;
			children = (
				94264D9D23757DD100D5397D /* Reusable */,
				94264D7623755B1900D5397D /* Assets */,
				94264D7323755AE600D5397D /* App */,
				9446C4652372DCC400D3F220 /* Modules */,
			);
			path = ChatUI;
			sourceTree = "<group>";
		};
		9446C4652372DCC400D3F220 /* Modules */ = {
			isa = PBXGroup;
			children = (
				94264DA5237585A300D5397D /* Welcome */,
				94C1B34523799FBF006AFA55 /* SignIn */,
				94C1B3492379A01E006AFA55 /* SignUp */,
				94F44848237FF05D005B8C01 /* ListNotes */,
				94B5AE1023855BC100651FD7 /* EditNote */,
				949A7F012386AE0500309BBA /* AddNote */,
				941A3B6A2377E69B0042BE30 /* UserManagement */,
			);
			path = Modules;
			sourceTree = "<group>";
		};
		947F1A462383DA9D00B2BDFD /* Data */ = {
			isa = PBXGroup;
			children = (
				947F1A472383DAB900B2BDFD /* ListNotesRepositoryImp.swift */,
			);
			path = Data;
			sourceTree = "<group>";
		};
		947F1A53238403D400B2BDFD /* DI */ = {
			isa = PBXGroup;
			children = (
				947F1A54238403E100B2BDFD /* ListNotesContainer.swift */,
			);
			path = DI;
			sourceTree = "<group>";
		};
		948BD84B2387C53D0054DCA9 /* UI */ = {
			isa = PBXGroup;
			children = (
				941A3B6D2377E6EB0042BE30 /* UserManagementViewController.swift */,
				948BD84C2387C55E0054DCA9 /* UserManagementViewModel.swift */,
				948BD8642387CF8B0054DCA9 /* UserManagementNavigator.swift */,
			);
			path = UI;
			sourceTree = "<group>";
		};
		948BD84E2387C5660054DCA9 /* Domain */ = {
			isa = PBXGroup;
			children = (
				948BD85B2387CADD0054DCA9 /* Interactor */,
				948BD85A2387CAD40054DCA9 /* Repository */,
			);
			path = Domain;
			sourceTree = "<group>";
		};
		948BD84F2387C56C0054DCA9 /* Data */ = {
			isa = PBXGroup;
			children = (
				948BD8522387C5C20054DCA9 /* UserManagementRepositoryImp.swift */,
			);
			path = Data;
			sourceTree = "<group>";
		};
		948BD8542387C5E90054DCA9 /* DI */ = {
			isa = PBXGroup;
			children = (
				948BD8552387C5FD0054DCA9 /* UserManagementContainer.swift */,
			);
			path = DI;
			sourceTree = "<group>";
		};
		948BD85A2387CAD40054DCA9 /* Repository */ = {
			isa = PBXGroup;
			children = (
				948BD8502387C5920054DCA9 /* UserManagementRepository.swift */,
			);
			path = Repository;
			sourceTree = "<group>";
		};
		948BD85B2387CADD0054DCA9 /* Interactor */ = {
			isa = PBXGroup;
			children = (
				948BD85C2387CAF10054DCA9 /* SignOutInteractor.swift */,
			);
			path = Interactor;
			sourceTree = "<group>";
		};
		949A7F012386AE0500309BBA /* AddNote */ = {
			isa = PBXGroup;
			children = (
				949A7F062386AE3D00309BBA /* AddNote.storyboard */,
				949A7F052386AE2E00309BBA /* DI */,
				949A7F042386AE2700309BBA /* UI */,
				949A7F032386AE2400309BBA /* Domain */,
				949A7F022386AE1E00309BBA /* Data */,
			);
			path = AddNote;
			sourceTree = "<group>";
		};
		949A7F022386AE1E00309BBA /* Data */ = {
			isa = PBXGroup;
			children = (
				949A7F0E2386B59400309BBA /* AddNoteRepositoryImp.swift */,
			);
			path = Data;
			sourceTree = "<group>";
		};
		949A7F032386AE2400309BBA /* Domain */ = {
			isa = PBXGroup;
			children = (
				949A7F0C2386B55500309BBA /* AddNoteRepository.swift */,
			);
			path = Domain;
			sourceTree = "<group>";
		};
		949A7F042386AE2700309BBA /* UI */ = {
			isa = PBXGroup;
			children = (
				949A7F082386AE6D00309BBA /* AddNoteViewController.swift */,
				949A7F0A2386B51100309BBA /* AddNoteViewModel.swift */,
				949A7F102386B87100309BBA /* AddNoteNavigator.swift */,
			);
			name = UI;
			path = "New Group1";
			sourceTree = "<group>";
		};
		949A7F052386AE2E00309BBA /* DI */ = {
			isa = PBXGroup;
			children = (
				949A7F122386BCD500309BBA /* AddNoteContainer.swift */,
			);
			path = DI;
			sourceTree = "<group>";
		};
		949DC167237C148D00ED7EC1 /* Interactor */ = {
			isa = PBXGroup;
			children = (
				949DC165237C148700ED7EC1 /* SignInInteractor.swift */,
			);
			path = Interactor;
			sourceTree = "<group>";
		};
		949DC168237C149800ED7EC1 /* Repository */ = {
			isa = PBXGroup;
			children = (
				949DC169237C14AA00ED7EC1 /* SignInRepository.swift */,
			);
			path = Repository;
			sourceTree = "<group>";
		};
		949DC16D237C1CEE00ED7EC1 /* DI */ = {
			isa = PBXGroup;
			children = (
				949DC16E237C1CFD00ED7EC1 /* SignInContainer.swift */,
			);
			path = DI;
			sourceTree = "<group>";
		};
		94AB374C2382A0BF0038471F /* Data Entities */ = {
			isa = PBXGroup;
			children = (
				94AB374D2382A0CF0038471F /* Note.swift */,
			);
			path = "Data Entities";
			sourceTree = "<group>";
		};
		94AB374F2382A4250038471F /* Realm */ = {
			isa = PBXGroup;
			children = (
				94AB37502382A4BB0038471F /* RealmProvider.swift */,
			);
			path = Realm;
			sourceTree = "<group>";
		};
		94B5AE1023855BC100651FD7 /* EditNote */ = {
			isa = PBXGroup;
			children = (
				94B5AE1523855C6E00651FD7 /* EditNote.storyboard */,
				94B5AE1423855C5A00651FD7 /* DI */,
				94B5AE1323855C5600651FD7 /* UI */,
				94B5AE1223855C5200651FD7 /* Domain */,
				94B5AE1123855C4B00651FD7 /* Data */,
			);
			path = EditNote;
			sourceTree = "<group>";
		};
		94B5AE1123855C4B00651FD7 /* Data */ = {
			isa = PBXGroup;
			children = (
				94461A5123856C500092030E /* EditNoteRepositoryImp.swift */,
			);
			path = Data;
			sourceTree = "<group>";
		};
		94B5AE1223855C5200651FD7 /* Domain */ = {
			isa = PBXGroup;
			children = (
				94461A4E23856BED0092030E /* Repository */,
			);
			path = Domain;
			sourceTree = "<group>";
		};
		94B5AE1323855C5600651FD7 /* UI */ = {
			isa = PBXGroup;
			children = (
				94B5AE1723855CB000651FD7 /* EditNoteViewController.swift */,
				94461A4C23856BC70092030E /* EditNoteViewModel.swift */,
				94461A53238575590092030E /* EditNoteNavigator.swift */,
			);
			path = UI;
			sourceTree = "<group>";
		};
		94B5AE1423855C5A00651FD7 /* DI */ = {
			isa = PBXGroup;
			children = (
				94B5AE1A23855FC900651FD7 /* EditNoteContainer.swift */,
			);
			path = DI;
			sourceTree = "<group>";
		};
		94BC87B3237FCB5800740945 /* UI */ = {
			isa = PBXGroup;
			children = (
				94CDE45F237D92DB002FFD8C /* Validator */,
			);
			path = UI;
			sourceTree = "<group>";
		};
		94C1B33F23799B97006AFA55 /* Extensions */ = {
			isa = PBXGroup;
			children = (
				94C1B34023799BAC006AFA55 /* UIViewController+Extensions.swift */,
				947F1A4D2383F50600B2BDFD /* UITableView+Extensions.swift */,
			);
			path = Extensions;
			sourceTree = "<group>";
		};
		94C1B34523799FBF006AFA55 /* SignIn */ = {
			isa = PBXGroup;
			children = (
				94D2E188237AEAC2004F00CA /* SignIn.storyboard */,
				949DC16D237C1CEE00ED7EC1 /* DI */,
				94C1B34623799FCC006AFA55 /* UI */,
				94C1B34723799FD1006AFA55 /* Domain */,
				94C1B34823799FD6006AFA55 /* Data */,
			);
			path = SignIn;
			sourceTree = "<group>";
		};
		94C1B34623799FCC006AFA55 /* UI */ = {
			isa = PBXGroup;
			children = (
				94D2E18A237AEB0F004F00CA /* SignInViewController.swift */,
				949DC16B237C187D00ED7EC1 /* SignInViewModel.swift */,
				94CDE45D237D655F002FFD8C /* SignInNavigator.swift */,
			);
			path = UI;
			sourceTree = "<group>";
		};
		94C1B34723799FD1006AFA55 /* Domain */ = {
			isa = PBXGroup;
			children = (
				949DC168237C149800ED7EC1 /* Repository */,
				949DC167237C148D00ED7EC1 /* Interactor */,
			);
			path = Domain;
			sourceTree = "<group>";
		};
		94C1B34823799FD6006AFA55 /* Data */ = {
			isa = PBXGroup;
			children = (
				949DC170237C1D6F00ED7EC1 /* SignInRepositoryImp.swift */,
			);
			path = Data;
			sourceTree = "<group>";
		};
		94C1B3492379A01E006AFA55 /* SignUp */ = {
			isa = PBXGroup;
			children = (
				94D2E179237AB276004F00CA /* SignUp.storyboard */,
				94D2E17B237AB2A4004F00CA /* DI */,
				94C1B34C2379A03E006AFA55 /* UI */,
				94C1B34B2379A038006AFA55 /* Domain */,
				94C1B34A2379A034006AFA55 /* Data */,
			);
			path = SignUp;
			sourceTree = "<group>";
		};
		94C1B34A2379A034006AFA55 /* Data */ = {
			isa = PBXGroup;
			children = (
				94C1B3542379A302006AFA55 /* SignUpRepositoryImp.swift */,
			);
			path = Data;
			sourceTree = "<group>";
		};
		94C1B34B2379A038006AFA55 /* Domain */ = {
			isa = PBXGroup;
			children = (
				94C1B3512379A276006AFA55 /* Repository */,
				94C1B34E2379A05A006AFA55 /* Interactor */,
				94C1B34D2379A045006AFA55 /* Model */,
			);
			path = Domain;
			sourceTree = "<group>";
		};
		94C1B34C2379A03E006AFA55 /* UI */ = {
			isa = PBXGroup;
			children = (
				94D2E177237AB26B004F00CA /* SignUpViewController.swift */,
				94D2E175237AB257004F00CA /* SignUpViewModel.swift */,
				94D2E181237ACD94004F00CA /* SignUpNavigator.swift */,
			);
			path = UI;
			sourceTree = "<group>";
		};
		94C1B34D2379A045006AFA55 /* Model */ = {
			isa = PBXGroup;
			children = (
				94C1B34F2379A1FF006AFA55 /* RegisterInfo.swift */,
			);
			path = Model;
			sourceTree = "<group>";
		};
		94C1B34E2379A05A006AFA55 /* Interactor */ = {
			isa = PBXGroup;
			children = (
				94C1B3562379A9B4006AFA55 /* SignUpInteractor.swift */,
			);
			path = Interactor;
			sourceTree = "<group>";
		};
		94C1B3512379A276006AFA55 /* Repository */ = {
			isa = PBXGroup;
			children = (
				94C1B3522379A293006AFA55 /* SignUpRepository.swift */,
			);
			path = Repository;
			sourceTree = "<group>";
		};
		94CDE45F237D92DB002FFD8C /* Validator */ = {
			isa = PBXGroup;
			children = (
				94D2E186237ADF54004F00CA /* ValidatorProvider.swift */,
				94CDE460237D92F8002FFD8C /* EmailValidator.swift */,
				94CDE462237D9329002FFD8C /* PasswordValidator.swift */,
				94CDE464237D9359002FFD8C /* MobileNumberValidator.swift */,
				94CDE466237D937D002FFD8C /* RequiredFieldValidator.swift */,
			);
			path = Validator;
			sourceTree = "<group>";
		};
		94D2E17B237AB2A4004F00CA /* DI */ = {
			isa = PBXGroup;
			children = (
				94D2E17C237AB2B5004F00CA /* SignUpContainer.swift */,
			);
			path = DI;
			sourceTree = "<group>";
		};
		94F44848237FF05D005B8C01 /* ListNotes */ = {
			isa = PBXGroup;
			children = (
				94F44849237FF073005B8C01 /* ListNotes.storyboard */,
				947F1A53238403D400B2BDFD /* DI */,
				94F4484B237FF08A005B8C01 /* UI */,
				94F44851237FF7E2005B8C01 /* Domain */,
				947F1A462383DA9D00B2BDFD /* Data */,
			);
			path = ListNotes;
			sourceTree = "<group>";
		};
		94F4484B237FF08A005B8C01 /* UI */ = {
			isa = PBXGroup;
			children = (
				94F4484C237FF0CB005B8C01 /* ListNotesViewController.swift */,
				947F1A4F2383F64300B2BDFD /* ListNotesViewModel.swift */,
				947F1A422383D0A500B2BDFD /* ListNotesCell.swift */,
				947F1A562384076C00B2BDFD /* ListNotesNavigator.swift */,
			);
			path = UI;
			sourceTree = "<group>";
		};
		94F44851237FF7E2005B8C01 /* Domain */ = {
			isa = PBXGroup;
			children = (
				94F44853237FF7ED005B8C01 /* Repository */,
			);
			path = Domain;
			sourceTree = "<group>";
		};
		94F44853237FF7ED005B8C01 /* Repository */ = {
			isa = PBXGroup;
			children = (
				947F1A442383D6F600B2BDFD /* ListNotesRepository.swift */,
			);
			path = Repository;
			sourceTree = "<group>";
		};
		D42AC423A88DDC1872F5C61C /* Pods */ = {
			isa = PBXGroup;
			children = (
				5174C55BACC120A68547CABB /* Pods-ChatUI.debug.xcconfig */,
				ABC556FE391B883E5BAC91D1 /* Pods-ChatUI.release.xcconfig */,
			);
			path = Pods;
			sourceTree = "<group>";
		};
		F4A3F215921BF0514117E00C /* Frameworks */ = {
			isa = PBXGroup;
			children = (
				05A0D5C949700E1DD2E08647 /* Pods_ChatUI.framework */,
			);
			name = Frameworks;
			sourceTree = "<group>";
		};
/* End PBXGroup section */

/* Begin PBXNativeTarget section */
		9446C4452372B6A400D3F220 /* ChatUI */ = {
			isa = PBXNativeTarget;
			buildConfigurationList = 9446C45C2372B6A600D3F220 /* Build configuration list for PBXNativeTarget "ChatUI" */;
			buildPhases = (
				15791BC498AEEE5AF4D4C445 /* [CP] Check Pods Manifest.lock */,
				9446C4422372B6A400D3F220 /* Sources */,
				9446C4432372B6A400D3F220 /* Frameworks */,
				9446C4442372B6A400D3F220 /* Resources */,
				872C0495B7CEA0FE9C36926A /* [CP] Embed Pods Frameworks */,
			);
			buildRules = (
			);
			dependencies = (
			);
			name = ChatUI;
			productName = ChatUI;
			productReference = 9446C4462372B6A400D3F220 /* ChatUI.app */;
			productType = "com.apple.product-type.application";
		};
/* End PBXNativeTarget section */

/* Begin PBXProject section */
		9446C43E2372B6A400D3F220 /* Project object */ = {
			isa = PBXProject;
			attributes = {
				LastSwiftUpdateCheck = 1120;
				LastUpgradeCheck = 1120;
				ORGANIZATIONNAME = Daylighter;
				TargetAttributes = {
					9446C4452372B6A400D3F220 = {
						CreatedOnToolsVersion = 11.2.1;
					};
				};
			};
			buildConfigurationList = 9446C4412372B6A400D3F220 /* Build configuration list for PBXProject "ChatUI" */;
			compatibilityVersion = "Xcode 9.3";
			developmentRegion = en;
			hasScannedForEncodings = 0;
			knownRegions = (
				en,
				Base,
			);
			mainGroup = 9446C43D2372B6A400D3F220;
			productRefGroup = 9446C4472372B6A400D3F220 /* Products */;
			projectDirPath = "";
			projectRoot = "";
			targets = (
				9446C4452372B6A400D3F220 /* ChatUI */,
			);
		};
/* End PBXProject section */

/* Begin PBXResourcesBuildPhase section */
		9446C4442372B6A400D3F220 /* Resources */ = {
			isa = PBXResourcesBuildPhase;
			buildActionMask = 2147483647;
			files = (
				94B5AE1623855C6E00651FD7 /* EditNote.storyboard in Resources */,
				94D2E189237AEAC2004F00CA /* SignIn.storyboard in Resources */,
				949A7F072386AE3D00309BBA /* AddNote.storyboard in Resources */,
				9446C4582372B6A600D3F220 /* LaunchScreen.storyboard in Resources */,
				94264DA72375860200D5397D /* Welcome.storyboard in Resources */,
				94264DA9237589B000D5397D /* GoogleService-Info.plist in Resources */,
				94D2E17A237AB276004F00CA /* SignUp.storyboard in Resources */,
				9446C4552372B6A600D3F220 /* Assets.xcassets in Resources */,
				941A3B6C2377E6C20042BE30 /* UserManagement.storyboard in Resources */,
				94F4484A237FF073005B8C01 /* ListNotes.storyboard in Resources */,
			);
			runOnlyForDeploymentPostprocessing = 0;
		};
/* End PBXResourcesBuildPhase section */

/* Begin PBXShellScriptBuildPhase section */
		15791BC498AEEE5AF4D4C445 /* [CP] Check Pods Manifest.lock */ = {
			isa = PBXShellScriptBuildPhase;
			buildActionMask = 2147483647;
			files = (
			);
			inputFileListPaths = (
			);
			inputPaths = (
				"${PODS_PODFILE_DIR_PATH}/Podfile.lock",
				"${PODS_ROOT}/Manifest.lock",
			);
			name = "[CP] Check Pods Manifest.lock";
			outputFileListPaths = (
			);
			outputPaths = (
				"$(DERIVED_FILE_DIR)/Pods-ChatUI-checkManifestLockResult.txt",
			);
			runOnlyForDeploymentPostprocessing = 0;
			shellPath = /bin/sh;
			shellScript = "diff \"${PODS_PODFILE_DIR_PATH}/Podfile.lock\" \"${PODS_ROOT}/Manifest.lock\" > /dev/null\nif [ $? != 0 ] ; then\n    # print error to STDERR\n    echo \"error: The sandbox is not in sync with the Podfile.lock. Run 'pod install' or update your CocoaPods installation.\" >&2\n    exit 1\nfi\n# This output is used by Xcode 'outputs' to avoid re-running this script phase.\necho \"SUCCESS\" > \"${SCRIPT_OUTPUT_FILE_0}\"\n";
			showEnvVarsInLog = 0;
		};
		872C0495B7CEA0FE9C36926A /* [CP] Embed Pods Frameworks */ = {
			isa = PBXShellScriptBuildPhase;
			buildActionMask = 2147483647;
			files = (
			);
			inputFileListPaths = (
				"${PODS_ROOT}/Target Support Files/Pods-ChatUI/Pods-ChatUI-frameworks-${CONFIGURATION}-input-files.xcfilelist",
			);
			name = "[CP] Embed Pods Frameworks";
			outputFileListPaths = (
				"${PODS_ROOT}/Target Support Files/Pods-ChatUI/Pods-ChatUI-frameworks-${CONFIGURATION}-output-files.xcfilelist",
			);
			runOnlyForDeploymentPostprocessing = 0;
			shellPath = /bin/sh;
			shellScript = "\"${PODS_ROOT}/Target Support Files/Pods-ChatUI/Pods-ChatUI-frameworks.sh\"\n";
			showEnvVarsInLog = 0;
		};
/* End PBXShellScriptBuildPhase section */

/* Begin PBXSourcesBuildPhase section */
		9446C4422372B6A400D3F220 /* Sources */ = {
			isa = PBXSourcesBuildPhase;
			buildActionMask = 2147483647;
			files = (
				94C1B3552379A302006AFA55 /* SignUpRepositoryImp.swift in Sources */,
				94AB37512382A4BB0038471F /* RealmProvider.swift in Sources */,
				94F4484D237FF0CB005B8C01 /* ListNotesViewController.swift in Sources */,
				94461A54238575590092030E /* EditNoteNavigator.swift in Sources */,
				94461A5223856C500092030E /* EditNoteRepositoryImp.swift in Sources */,
				94C1B34123799BAC006AFA55 /* UIViewController+Extensions.swift in Sources */,
				94C1B3532379A293006AFA55 /* SignUpRepository.swift in Sources */,
				948BD8652387CF8B0054DCA9 /* UserManagementNavigator.swift in Sources */,
				94D2E176237AB257004F00CA /* SignUpViewModel.swift in Sources */,
				947F1A482383DAB900B2BDFD /* ListNotesRepositoryImp.swift in Sources */,
				94264D7523755B0800D5397D /* AppDependencyContainer.swift in Sources */,
				94D2E184237AD3A1004F00CA /* WelcomeNavigator.swift in Sources */,
				94D2E182237ACD94004F00CA /* SignUpNavigator.swift in Sources */,
				94CDE465237D9359002FFD8C /* MobileNumberValidator.swift in Sources */,
				948BD8532387C5C20054DCA9 /* UserManagementRepositoryImp.swift in Sources */,
				949DC16C237C187D00ED7EC1 /* SignInViewModel.swift in Sources */,
				94264D8823755D5C00D5397D /* UserSession.swift in Sources */,
				94D2E17D237AB2B5004F00CA /* SignUpContainer.swift in Sources */,
				94264D8123755CA500D5397D /* UserSessionRepositoryImp.swift in Sources */,
				94AB37532382A8540038471F /* PathProvider.swift in Sources */,
				94B5AE1823855CB000651FD7 /* EditNoteViewController.swift in Sources */,
				941A3B782377ED270042BE30 /* WelcomeViewController.swift in Sources */,
				94264D8D2375601C00D5397D /* ReadUserSessionError.swift in Sources */,
				94D2E187237ADF54004F00CA /* ValidatorProvider.swift in Sources */,
				941A3B842377F7EC0042BE30 /* WelcomeViewModel.swift in Sources */,
				947F1A452383D6F600B2BDFD /* ListNotesRepository.swift in Sources */,
				947F1A55238403E100B2BDFD /* ListNotesContainer.swift in Sources */,
				949A7F112386B87100309BBA /* AddNoteNavigator.swift in Sources */,
				947F1A432383D0A500B2BDFD /* ListNotesCell.swift in Sources */,
				949A7F0B2386B51100309BBA /* AddNoteViewModel.swift in Sources */,
				94D2E178237AB26B004F00CA /* SignUpViewController.swift in Sources */,
				948BD8512387C5920054DCA9 /* UserManagementRepository.swift in Sources */,
				94461A5023856BFF0092030E /* EditNoteRepository.swift in Sources */,
				941A3B812377F3EB0042BE30 /* LogoRepositoryImp.swift in Sources */,
				94C1B3502379A1FF006AFA55 /* RegisterInfo.swift in Sources */,
				941A3B6E2377E6EB0042BE30 /* UserManagementViewController.swift in Sources */,
				949A7F132386BCD500309BBA /* AddNoteContainer.swift in Sources */,
				949A7F0F2386B59400309BBA /* AddNoteRepositoryImp.swift in Sources */,
				949A7F092386AE6D00309BBA /* AddNoteViewController.swift in Sources */,
				949A7F0D2386B55500309BBA /* AddNoteRepository.swift in Sources */,
				94CDE467237D937D002FFD8C /* RequiredFieldValidator.swift in Sources */,
				948BD84D2387C55E0054DCA9 /* UserManagementViewModel.swift in Sources */,
				94D2E18B237AEB0F004F00CA /* SignInViewController.swift in Sources */,
				9446C44A2372B6A400D3F220 /* AppDelegate.swift in Sources */,
				949DC166237C148700ED7EC1 /* SignInInteractor.swift in Sources */,
				941A3B7F2377F37B0042BE30 /* LogoRepository.swift in Sources */,
				949DC171237C1D6F00ED7EC1 /* SignInRepositoryImp.swift in Sources */,
				949DC16A237C14AA00ED7EC1 /* SignInRepository.swift in Sources */,
				947F1A4E2383F50600B2BDFD /* UITableView+Extensions.swift in Sources */,
				941A3B7A2377EE0E0042BE30 /* WelcomeContainer.swift in Sources */,
				94264D8523755D1700D5397D /* UserSessionRepository.swift in Sources */,
				949DC16F237C1CFD00ED7EC1 /* SignInContainer.swift in Sources */,
				9446C44C2372B6A400D3F220 /* SceneDelegate.swift in Sources */,
				94461A4D23856BC70092030E /* EditNoteViewModel.swift in Sources */,
				948BD8562387C5FD0054DCA9 /* UserManagementContainer.swift in Sources */,
				94AB374E2382A0CF0038471F /* Note.swift in Sources */,
				947F1A502383F64300B2BDFD /* ListNotesViewModel.swift in Sources */,
				94C1B3572379A9B4006AFA55 /* SignUpInteractor.swift in Sources */,
				94CDE463237D9329002FFD8C /* PasswordValidator.swift in Sources */,
				94CDE461237D92F8002FFD8C /* EmailValidator.swift in Sources */,
				94CDE45E237D655F002FFD8C /* SignInNavigator.swift in Sources */,
				947F1A572384076C00B2BDFD /* ListNotesNavigator.swift in Sources */,
				94B5AE1B23855FC900651FD7 /* EditNoteContainer.swift in Sources */,
				948BD85D2387CAF10054DCA9 /* SignOutInteractor.swift in Sources */,
			);
			runOnlyForDeploymentPostprocessing = 0;
		};
/* End PBXSourcesBuildPhase section */

/* Begin PBXVariantGroup section */
		9446C4562372B6A600D3F220 /* LaunchScreen.storyboard */ = {
			isa = PBXVariantGroup;
			children = (
				9446C4572372B6A600D3F220 /* Base */,
			);
			name = LaunchScreen.storyboard;
			sourceTree = "<group>";
		};
/* End PBXVariantGroup section */

/* Begin XCBuildConfiguration section */
		9446C45A2372B6A600D3F220 /* Debug */ = {
			isa = XCBuildConfiguration;
			buildSettings = {
				ALWAYS_SEARCH_USER_PATHS = NO;
				CLANG_ANALYZER_NONNULL = YES;
				CLANG_ANALYZER_NUMBER_OBJECT_CONVERSION = YES_AGGRESSIVE;
				CLANG_CXX_LANGUAGE_STANDARD = "gnu++14";
				CLANG_CXX_LIBRARY = "libc++";
				CLANG_ENABLE_MODULES = YES;
				CLANG_ENABLE_OBJC_ARC = YES;
				CLANG_ENABLE_OBJC_WEAK = YES;
				CLANG_WARN_BLOCK_CAPTURE_AUTORELEASING = YES;
				CLANG_WARN_BOOL_CONVERSION = YES;
				CLANG_WARN_COMMA = YES;
				CLANG_WARN_CONSTANT_CONVERSION = YES;
				CLANG_WARN_DEPRECATED_OBJC_IMPLEMENTATIONS = YES;
				CLANG_WARN_DIRECT_OBJC_ISA_USAGE = YES_ERROR;
				CLANG_WARN_DOCUMENTATION_COMMENTS = YES;
				CLANG_WARN_EMPTY_BODY = YES;
				CLANG_WARN_ENUM_CONVERSION = YES;
				CLANG_WARN_INFINITE_RECURSION = YES;
				CLANG_WARN_INT_CONVERSION = YES;
				CLANG_WARN_NON_LITERAL_NULL_CONVERSION = YES;
				CLANG_WARN_OBJC_IMPLICIT_RETAIN_SELF = YES;
				CLANG_WARN_OBJC_LITERAL_CONVERSION = YES;
				CLANG_WARN_OBJC_ROOT_CLASS = YES_ERROR;
				CLANG_WARN_RANGE_LOOP_ANALYSIS = YES;
				CLANG_WARN_STRICT_PROTOTYPES = YES;
				CLANG_WARN_SUSPICIOUS_MOVE = YES;
				CLANG_WARN_UNGUARDED_AVAILABILITY = YES_AGGRESSIVE;
				CLANG_WARN_UNREACHABLE_CODE = YES;
				CLANG_WARN__DUPLICATE_METHOD_MATCH = YES;
				COPY_PHASE_STRIP = NO;
				DEBUG_INFORMATION_FORMAT = dwarf;
				ENABLE_STRICT_OBJC_MSGSEND = YES;
				ENABLE_TESTABILITY = YES;
				GCC_C_LANGUAGE_STANDARD = gnu11;
				GCC_DYNAMIC_NO_PIC = NO;
				GCC_NO_COMMON_BLOCKS = YES;
				GCC_OPTIMIZATION_LEVEL = 0;
				GCC_PREPROCESSOR_DEFINITIONS = (
					"DEBUG=1",
					"$(inherited)",
				);
				GCC_WARN_64_TO_32_BIT_CONVERSION = YES;
				GCC_WARN_ABOUT_RETURN_TYPE = YES_ERROR;
				GCC_WARN_UNDECLARED_SELECTOR = YES;
				GCC_WARN_UNINITIALIZED_AUTOS = YES_AGGRESSIVE;
				GCC_WARN_UNUSED_FUNCTION = YES;
				GCC_WARN_UNUSED_VARIABLE = YES;
				IPHONEOS_DEPLOYMENT_TARGET = 13.2;
				MTL_ENABLE_DEBUG_INFO = INCLUDE_SOURCE;
				MTL_FAST_MATH = YES;
				ONLY_ACTIVE_ARCH = YES;
				SDKROOT = iphoneos;
				SWIFT_ACTIVE_COMPILATION_CONDITIONS = DEBUG;
				SWIFT_OPTIMIZATION_LEVEL = "-Onone";
			};
			name = Debug;
		};
		9446C45B2372B6A600D3F220 /* Release */ = {
			isa = XCBuildConfiguration;
			buildSettings = {
				ALWAYS_SEARCH_USER_PATHS = NO;
				CLANG_ANALYZER_NONNULL = YES;
				CLANG_ANALYZER_NUMBER_OBJECT_CONVERSION = YES_AGGRESSIVE;
				CLANG_CXX_LANGUAGE_STANDARD = "gnu++14";
				CLANG_CXX_LIBRARY = "libc++";
				CLANG_ENABLE_MODULES = YES;
				CLANG_ENABLE_OBJC_ARC = YES;
				CLANG_ENABLE_OBJC_WEAK = YES;
				CLANG_WARN_BLOCK_CAPTURE_AUTORELEASING = YES;
				CLANG_WARN_BOOL_CONVERSION = YES;
				CLANG_WARN_COMMA = YES;
				CLANG_WARN_CONSTANT_CONVERSION = YES;
				CLANG_WARN_DEPRECATED_OBJC_IMPLEMENTATIONS = YES;
				CLANG_WARN_DIRECT_OBJC_ISA_USAGE = YES_ERROR;
				CLANG_WARN_DOCUMENTATION_COMMENTS = YES;
				CLANG_WARN_EMPTY_BODY = YES;
				CLANG_WARN_ENUM_CONVERSION = YES;
				CLANG_WARN_INFINITE_RECURSION = YES;
				CLANG_WARN_INT_CONVERSION = YES;
				CLANG_WARN_NON_LITERAL_NULL_CONVERSION = YES;
				CLANG_WARN_OBJC_IMPLICIT_RETAIN_SELF = YES;
				CLANG_WARN_OBJC_LITERAL_CONVERSION = YES;
				CLANG_WARN_OBJC_ROOT_CLASS = YES_ERROR;
				CLANG_WARN_RANGE_LOOP_ANALYSIS = YES;
				CLANG_WARN_STRICT_PROTOTYPES = YES;
				CLANG_WARN_SUSPICIOUS_MOVE = YES;
				CLANG_WARN_UNGUARDED_AVAILABILITY = YES_AGGRESSIVE;
				CLANG_WARN_UNREACHABLE_CODE = YES;
				CLANG_WARN__DUPLICATE_METHOD_MATCH = YES;
				COPY_PHASE_STRIP = NO;
				DEBUG_INFORMATION_FORMAT = "dwarf-with-dsym";
				ENABLE_NS_ASSERTIONS = NO;
				ENABLE_STRICT_OBJC_MSGSEND = YES;
				GCC_C_LANGUAGE_STANDARD = gnu11;
				GCC_NO_COMMON_BLOCKS = YES;
				GCC_WARN_64_TO_32_BIT_CONVERSION = YES;
				GCC_WARN_ABOUT_RETURN_TYPE = YES_ERROR;
				GCC_WARN_UNDECLARED_SELECTOR = YES;
				GCC_WARN_UNINITIALIZED_AUTOS = YES_AGGRESSIVE;
				GCC_WARN_UNUSED_FUNCTION = YES;
				GCC_WARN_UNUSED_VARIABLE = YES;
				IPHONEOS_DEPLOYMENT_TARGET = 13.2;
				MTL_ENABLE_DEBUG_INFO = NO;
				MTL_FAST_MATH = YES;
				SDKROOT = iphoneos;
				SWIFT_COMPILATION_MODE = wholemodule;
				SWIFT_OPTIMIZATION_LEVEL = "-O";
				VALIDATE_PRODUCT = YES;
			};
			name = Release;
		};
		9446C45D2372B6A600D3F220 /* Debug */ = {
			isa = XCBuildConfiguration;
			baseConfigurationReference = 5174C55BACC120A68547CABB /* Pods-ChatUI.debug.xcconfig */;
			buildSettings = {
				ASSETCATALOG_COMPILER_APPICON_NAME = AppIcon;
				CODE_SIGN_STYLE = Automatic;
				DEVELOPMENT_ASSET_PATHS = ChatUI/Assets/Info.plist;
				DEVELOPMENT_TEAM = "";
				INFOPLIST_FILE = ChatUI/Assets/Info.plist;
				LD_RUNPATH_SEARCH_PATHS = (
					"$(inherited)",
					"@executable_path/Frameworks",
				);
				PRODUCT_BUNDLE_IDENTIFIER = com.daylighter.life.ChatUI;
				PRODUCT_NAME = "$(TARGET_NAME)";
				SWIFT_VERSION = 5.0;
				TARGETED_DEVICE_FAMILY = "1,2";
			};
			name = Debug;
		};
		9446C45E2372B6A600D3F220 /* Release */ = {
			isa = XCBuildConfiguration;
			baseConfigurationReference = ABC556FE391B883E5BAC91D1 /* Pods-ChatUI.release.xcconfig */;
			buildSettings = {
				ASSETCATALOG_COMPILER_APPICON_NAME = AppIcon;
				CODE_SIGN_STYLE = Automatic;
				DEVELOPMENT_ASSET_PATHS = ChatUI/Assets/Info.plist;
				DEVELOPMENT_TEAM = "";
				INFOPLIST_FILE = ChatUI/Assets/Info.plist;
				LD_RUNPATH_SEARCH_PATHS = (
					"$(inherited)",
					"@executable_path/Frameworks",
				);
				PRODUCT_BUNDLE_IDENTIFIER = com.daylighter.life.ChatUI;
				PRODUCT_NAME = "$(TARGET_NAME)";
				SWIFT_VERSION = 5.0;
				TARGETED_DEVICE_FAMILY = "1,2";
			};
			name = Release;
		};
/* End XCBuildConfiguration section */

/* Begin XCConfigurationList section */
		9446C4412372B6A400D3F220 /* Build configuration list for PBXProject "ChatUI" */ = {
			isa = XCConfigurationList;
			buildConfigurations = (
				9446C45A2372B6A600D3F220 /* Debug */,
				9446C45B2372B6A600D3F220 /* Release */,
			);
			defaultConfigurationIsVisible = 0;
			defaultConfigurationName = Release;
		};
		9446C45C2372B6A600D3F220 /* Build configuration list for PBXNativeTarget "ChatUI" */ = {
			isa = XCConfigurationList;
			buildConfigurations = (
				9446C45D2372B6A600D3F220 /* Debug */,
				9446C45E2372B6A600D3F220 /* Release */,
			);
			defaultConfigurationIsVisible = 0;
			defaultConfigurationName = Release;
		};
/* End XCConfigurationList section */
	};
	rootObject = 9446C43E2372B6A400D3F220 /* Project object */;
}
