// !$*UTF8*$!
{
	archiveVersion = 1;
	classes = {
	};
	objectVersion = 51;
	objects = {

/* Begin PBXBuildFile section */
		74CBB4A228612B23DE97C7B5 /* Pods_ChatUI.framework in Frameworks */ = {isa = PBXBuildFile; fileRef = B59D20652DB26F028ACF7724 /* Pods_ChatUI.framework */; };
		941A3B692377E5830042BE30 /* ListMessagesContainer.swift in Sources */ = {isa = PBXBuildFile; fileRef = 941A3B682377E5830042BE30 /* ListMessagesContainer.swift */; };
		941A3B6C2377E6C20042BE30 /* UserManagement.storyboard in Resources */ = {isa = PBXBuildFile; fileRef = 941A3B6B2377E6C20042BE30 /* UserManagement.storyboard */; };
		941A3B6E2377E6EB0042BE30 /* UserManagementViewController.swift in Sources */ = {isa = PBXBuildFile; fileRef = 941A3B6D2377E6EB0042BE30 /* UserManagementViewController.swift */; };
		941A3B782377ED270042BE30 /* WelcomeViewController.swift in Sources */ = {isa = PBXBuildFile; fileRef = 941A3B772377ED270042BE30 /* WelcomeViewController.swift */; };
		941A3B7A2377EE0E0042BE30 /* WelcomeContainer.swift in Sources */ = {isa = PBXBuildFile; fileRef = 941A3B792377EE0E0042BE30 /* WelcomeContainer.swift */; };
		941A3B7F2377F37B0042BE30 /* WelcomeRemoteRepository.swift in Sources */ = {isa = PBXBuildFile; fileRef = 941A3B7E2377F37B0042BE30 /* WelcomeRemoteRepository.swift */; };
		941A3B812377F3EB0042BE30 /* WelcomeRemoteRepositoryImp.swift in Sources */ = {isa = PBXBuildFile; fileRef = 941A3B802377F3EB0042BE30 /* WelcomeRemoteRepositoryImp.swift */; };
		941A3B842377F7EC0042BE30 /* WelcomeViewModel.swift in Sources */ = {isa = PBXBuildFile; fileRef = 941A3B832377F7EC0042BE30 /* WelcomeViewModel.swift */; };
		941A3B872377F9720042BE30 /* LoadWelcomeLogo.swift in Sources */ = {isa = PBXBuildFile; fileRef = 941A3B862377F9720042BE30 /* LoadWelcomeLogo.swift */; };
		94264D7523755B0800D5397D /* AppDependencyContainer.swift in Sources */ = {isa = PBXBuildFile; fileRef = 94264D7423755B0800D5397D /* AppDependencyContainer.swift */; };
		94264D7823755B9C00D5397D /* ListMessagesViewModel.swift in Sources */ = {isa = PBXBuildFile; fileRef = 94264D7723755B9C00D5397D /* ListMessagesViewModel.swift */; };
		94264D8123755CA500D5397D /* LocalRepositoryImp.swift in Sources */ = {isa = PBXBuildFile; fileRef = 94264D8023755CA500D5397D /* LocalRepositoryImp.swift */; };
		94264D8523755D1700D5397D /* LocalRepository.swift in Sources */ = {isa = PBXBuildFile; fileRef = 94264D8423755D1700D5397D /* LocalRepository.swift */; };
		94264D8823755D5C00D5397D /* UserSession.swift in Sources */ = {isa = PBXBuildFile; fileRef = 94264D8723755D5C00D5397D /* UserSession.swift */; };
		94264D8D2375601C00D5397D /* ReadUserSessionError.swift in Sources */ = {isa = PBXBuildFile; fileRef = 94264D8C2375601C00D5397D /* ReadUserSessionError.swift */; };
		94264DA423757E6D00D5397D /* NiblessViewController.swift in Sources */ = {isa = PBXBuildFile; fileRef = 94264DA323757E6D00D5397D /* NiblessViewController.swift */; };
		94264DA72375860200D5397D /* Welcome.storyboard in Resources */ = {isa = PBXBuildFile; fileRef = 94264DA62375860200D5397D /* Welcome.storyboard */; };
		94264DA9237589B000D5397D /* GoogleService-Info.plist in Resources */ = {isa = PBXBuildFile; fileRef = 94264DA8237589B000D5397D /* GoogleService-Info.plist */; };
		9446C44A2372B6A400D3F220 /* AppDelegate.swift in Sources */ = {isa = PBXBuildFile; fileRef = 9446C4492372B6A400D3F220 /* AppDelegate.swift */; };
		9446C44C2372B6A400D3F220 /* SceneDelegate.swift in Sources */ = {isa = PBXBuildFile; fileRef = 9446C44B2372B6A400D3F220 /* SceneDelegate.swift */; };
		9446C44E2372B6A400D3F220 /* ListMessagesViewController.swift in Sources */ = {isa = PBXBuildFile; fileRef = 9446C44D2372B6A400D3F220 /* ListMessagesViewController.swift */; };
		9446C4502372B6A400D3F220 /* SecondViewController.swift in Sources */ = {isa = PBXBuildFile; fileRef = 9446C44F2372B6A400D3F220 /* SecondViewController.swift */; };
		9446C4532372B6A400D3F220 /* ListMessages.storyboard in Resources */ = {isa = PBXBuildFile; fileRef = 9446C4512372B6A400D3F220 /* ListMessages.storyboard */; };
		9446C4552372B6A600D3F220 /* Assets.xcassets in Resources */ = {isa = PBXBuildFile; fileRef = 9446C4542372B6A600D3F220 /* Assets.xcassets */; };
		9446C4582372B6A600D3F220 /* LaunchScreen.storyboard in Resources */ = {isa = PBXBuildFile; fileRef = 9446C4562372B6A600D3F220 /* LaunchScreen.storyboard */; };
		9446C4602372B93F00D3F220 /* ListMessageCell.swift in Sources */ = {isa = PBXBuildFile; fileRef = 9446C45F2372B93F00D3F220 /* ListMessageCell.swift */; };
		9446C4622372CBB600D3F220 /* ListFriendsCell.swift in Sources */ = {isa = PBXBuildFile; fileRef = 9446C4612372CBB600D3F220 /* ListFriendsCell.swift */; };
		9446C4642372D44800D3F220 /* ListFriendsFlowLayout.swift in Sources */ = {isa = PBXBuildFile; fileRef = 9446C4632372D44800D3F220 /* ListFriendsFlowLayout.swift */; };
		949DC166237C148700ED7EC1 /* SignInInteractor.swift in Sources */ = {isa = PBXBuildFile; fileRef = 949DC165237C148700ED7EC1 /* SignInInteractor.swift */; };
		949DC16A237C14AA00ED7EC1 /* SignInRepository.swift in Sources */ = {isa = PBXBuildFile; fileRef = 949DC169237C14AA00ED7EC1 /* SignInRepository.swift */; };
		949DC16C237C187D00ED7EC1 /* SignInViewModel.swift in Sources */ = {isa = PBXBuildFile; fileRef = 949DC16B237C187D00ED7EC1 /* SignInViewModel.swift */; };
		949DC16F237C1CFD00ED7EC1 /* SignInContainer.swift in Sources */ = {isa = PBXBuildFile; fileRef = 949DC16E237C1CFD00ED7EC1 /* SignInContainer.swift */; };
		949DC171237C1D6F00ED7EC1 /* SignInRepositoryImp.swift in Sources */ = {isa = PBXBuildFile; fileRef = 949DC170237C1D6F00ED7EC1 /* SignInRepositoryImp.swift */; };
		94C1B34123799BAC006AFA55 /* UIViewController+Extensions.swift in Sources */ = {isa = PBXBuildFile; fileRef = 94C1B34023799BAC006AFA55 /* UIViewController+Extensions.swift */; };
		94C1B3502379A1FF006AFA55 /* RegisterInfo.swift in Sources */ = {isa = PBXBuildFile; fileRef = 94C1B34F2379A1FF006AFA55 /* RegisterInfo.swift */; };
		94C1B3532379A293006AFA55 /* SignUpRepository.swift in Sources */ = {isa = PBXBuildFile; fileRef = 94C1B3522379A293006AFA55 /* SignUpRepository.swift */; };
		94C1B3552379A302006AFA55 /* SignUpRepositoryImp.swift in Sources */ = {isa = PBXBuildFile; fileRef = 94C1B3542379A302006AFA55 /* SignUpRepositoryImp.swift */; };
		94C1B3572379A9B4006AFA55 /* SignUpInteractor.swift in Sources */ = {isa = PBXBuildFile; fileRef = 94C1B3562379A9B4006AFA55 /* SignUpInteractor.swift */; };
		94D2E176237AB257004F00CA /* SignUpViewModel.swift in Sources */ = {isa = PBXBuildFile; fileRef = 94D2E175237AB257004F00CA /* SignUpViewModel.swift */; };
		94D2E178237AB26B004F00CA /* SignUpViewController.swift in Sources */ = {isa = PBXBuildFile; fileRef = 94D2E177237AB26B004F00CA /* SignUpViewController.swift */; };
		94D2E17A237AB276004F00CA /* SignUp.storyboard in Resources */ = {isa = PBXBuildFile; fileRef = 94D2E179237AB276004F00CA /* SignUp.storyboard */; };
		94D2E17D237AB2B5004F00CA /* SignUpContainer.swift in Sources */ = {isa = PBXBuildFile; fileRef = 94D2E17C237AB2B5004F00CA /* SignUpContainer.swift */; };
		94D2E182237ACD94004F00CA /* SignUpNavigator.swift in Sources */ = {isa = PBXBuildFile; fileRef = 94D2E181237ACD94004F00CA /* SignUpNavigator.swift */; };
		94D2E184237AD3A1004F00CA /* WelcomeNavigator.swift in Sources */ = {isa = PBXBuildFile; fileRef = 94D2E183237AD3A1004F00CA /* WelcomeNavigator.swift */; };
		94D2E187237ADF54004F00CA /* Validator.swift in Sources */ = {isa = PBXBuildFile; fileRef = 94D2E186237ADF54004F00CA /* Validator.swift */; };
		94D2E189237AEAC2004F00CA /* SignIn.storyboard in Resources */ = {isa = PBXBuildFile; fileRef = 94D2E188237AEAC2004F00CA /* SignIn.storyboard */; };
		94D2E18B237AEB0F004F00CA /* SignInViewController.swift in Sources */ = {isa = PBXBuildFile; fileRef = 94D2E18A237AEB0F004F00CA /* SignInViewController.swift */; };
/* End PBXBuildFile section */

/* Begin PBXFileReference section */
		0689F366B19DBB02A23629F3 /* Pods-ChatUI.release.xcconfig */ = {isa = PBXFileReference; includeInIndex = 1; lastKnownFileType = text.xcconfig; name = "Pods-ChatUI.release.xcconfig"; path = "Target Support Files/Pods-ChatUI/Pods-ChatUI.release.xcconfig"; sourceTree = "<group>"; };
		6B189352ADD6D8F75042A77B /* Pods-ChatUI.debug.xcconfig */ = {isa = PBXFileReference; includeInIndex = 1; lastKnownFileType = text.xcconfig; name = "Pods-ChatUI.debug.xcconfig"; path = "Target Support Files/Pods-ChatUI/Pods-ChatUI.debug.xcconfig"; sourceTree = "<group>"; };
		941A3B682377E5830042BE30 /* ListMessagesContainer.swift */ = {isa = PBXFileReference; lastKnownFileType = sourcecode.swift; path = ListMessagesContainer.swift; sourceTree = "<group>"; };
		941A3B6B2377E6C20042BE30 /* UserManagement.storyboard */ = {isa = PBXFileReference; lastKnownFileType = file.storyboard; path = UserManagement.storyboard; sourceTree = "<group>"; };
		941A3B6D2377E6EB0042BE30 /* UserManagementViewController.swift */ = {isa = PBXFileReference; lastKnownFileType = sourcecode.swift; path = UserManagementViewController.swift; sourceTree = "<group>"; };
		941A3B772377ED270042BE30 /* WelcomeViewController.swift */ = {isa = PBXFileReference; lastKnownFileType = sourcecode.swift; path = WelcomeViewController.swift; sourceTree = "<group>"; };
		941A3B792377EE0E0042BE30 /* WelcomeContainer.swift */ = {isa = PBXFileReference; lastKnownFileType = sourcecode.swift; path = WelcomeContainer.swift; sourceTree = "<group>"; };
		941A3B7E2377F37B0042BE30 /* WelcomeRemoteRepository.swift */ = {isa = PBXFileReference; lastKnownFileType = sourcecode.swift; path = WelcomeRemoteRepository.swift; sourceTree = "<group>"; };
		941A3B802377F3EB0042BE30 /* WelcomeRemoteRepositoryImp.swift */ = {isa = PBXFileReference; lastKnownFileType = sourcecode.swift; path = WelcomeRemoteRepositoryImp.swift; sourceTree = "<group>"; };
		941A3B832377F7EC0042BE30 /* WelcomeViewModel.swift */ = {isa = PBXFileReference; lastKnownFileType = sourcecode.swift; path = WelcomeViewModel.swift; sourceTree = "<group>"; };
		941A3B862377F9720042BE30 /* LoadWelcomeLogo.swift */ = {isa = PBXFileReference; lastKnownFileType = sourcecode.swift; path = LoadWelcomeLogo.swift; sourceTree = "<group>"; };
		94264D7423755B0800D5397D /* AppDependencyContainer.swift */ = {isa = PBXFileReference; lastKnownFileType = sourcecode.swift; path = AppDependencyContainer.swift; sourceTree = "<group>"; };
		94264D7723755B9C00D5397D /* ListMessagesViewModel.swift */ = {isa = PBXFileReference; lastKnownFileType = sourcecode.swift; path = ListMessagesViewModel.swift; sourceTree = "<group>"; };
		94264D8023755CA500D5397D /* LocalRepositoryImp.swift */ = {isa = PBXFileReference; lastKnownFileType = sourcecode.swift; path = LocalRepositoryImp.swift; sourceTree = "<group>"; };
		94264D8423755D1700D5397D /* LocalRepository.swift */ = {isa = PBXFileReference; lastKnownFileType = sourcecode.swift; path = LocalRepository.swift; sourceTree = "<group>"; };
		94264D8723755D5C00D5397D /* UserSession.swift */ = {isa = PBXFileReference; lastKnownFileType = sourcecode.swift; path = UserSession.swift; sourceTree = "<group>"; };
		94264D8C2375601C00D5397D /* ReadUserSessionError.swift */ = {isa = PBXFileReference; lastKnownFileType = sourcecode.swift; path = ReadUserSessionError.swift; sourceTree = "<group>"; };
		94264DA323757E6D00D5397D /* NiblessViewController.swift */ = {isa = PBXFileReference; fileEncoding = 4; lastKnownFileType = sourcecode.swift; path = NiblessViewController.swift; sourceTree = "<group>"; };
		94264DA62375860200D5397D /* Welcome.storyboard */ = {isa = PBXFileReference; lastKnownFileType = file.storyboard; path = Welcome.storyboard; sourceTree = "<group>"; };
		94264DA8237589B000D5397D /* GoogleService-Info.plist */ = {isa = PBXFileReference; fileEncoding = 4; lastKnownFileType = text.plist.xml; path = "GoogleService-Info.plist"; sourceTree = "<group>"; };
		9446C4462372B6A400D3F220 /* ChatUI.app */ = {isa = PBXFileReference; explicitFileType = wrapper.application; includeInIndex = 0; path = ChatUI.app; sourceTree = BUILT_PRODUCTS_DIR; };
		9446C4492372B6A400D3F220 /* AppDelegate.swift */ = {isa = PBXFileReference; lastKnownFileType = sourcecode.swift; path = AppDelegate.swift; sourceTree = "<group>"; };
		9446C44B2372B6A400D3F220 /* SceneDelegate.swift */ = {isa = PBXFileReference; lastKnownFileType = sourcecode.swift; path = SceneDelegate.swift; sourceTree = "<group>"; };
		9446C44D2372B6A400D3F220 /* ListMessagesViewController.swift */ = {isa = PBXFileReference; lastKnownFileType = sourcecode.swift; path = ListMessagesViewController.swift; sourceTree = "<group>"; };
		9446C44F2372B6A400D3F220 /* SecondViewController.swift */ = {isa = PBXFileReference; lastKnownFileType = sourcecode.swift; path = SecondViewController.swift; sourceTree = "<group>"; };
		9446C4522372B6A400D3F220 /* Base */ = {isa = PBXFileReference; lastKnownFileType = file.storyboard; name = Base; path = Base.lproj/ListMessages.storyboard; sourceTree = "<group>"; };
		9446C4542372B6A600D3F220 /* Assets.xcassets */ = {isa = PBXFileReference; lastKnownFileType = folder.assetcatalog; path = Assets.xcassets; sourceTree = "<group>"; };
		9446C4572372B6A600D3F220 /* Base */ = {isa = PBXFileReference; lastKnownFileType = file.storyboard; name = Base; path = Base.lproj/LaunchScreen.storyboard; sourceTree = "<group>"; };
		9446C4592372B6A600D3F220 /* Info.plist */ = {isa = PBXFileReference; lastKnownFileType = text.plist.xml; path = Info.plist; sourceTree = "<group>"; };
		9446C45F2372B93F00D3F220 /* ListMessageCell.swift */ = {isa = PBXFileReference; lastKnownFileType = sourcecode.swift; path = ListMessageCell.swift; sourceTree = "<group>"; };
		9446C4612372CBB600D3F220 /* ListFriendsCell.swift */ = {isa = PBXFileReference; lastKnownFileType = sourcecode.swift; path = ListFriendsCell.swift; sourceTree = "<group>"; };
		9446C4632372D44800D3F220 /* ListFriendsFlowLayout.swift */ = {isa = PBXFileReference; lastKnownFileType = sourcecode.swift; path = ListFriendsFlowLayout.swift; sourceTree = "<group>"; };
		949DC165237C148700ED7EC1 /* SignInInteractor.swift */ = {isa = PBXFileReference; lastKnownFileType = sourcecode.swift; path = SignInInteractor.swift; sourceTree = "<group>"; };
		949DC169237C14AA00ED7EC1 /* SignInRepository.swift */ = {isa = PBXFileReference; lastKnownFileType = sourcecode.swift; path = SignInRepository.swift; sourceTree = "<group>"; };
		949DC16B237C187D00ED7EC1 /* SignInViewModel.swift */ = {isa = PBXFileReference; lastKnownFileType = sourcecode.swift; path = SignInViewModel.swift; sourceTree = "<group>"; };
		949DC16E237C1CFD00ED7EC1 /* SignInContainer.swift */ = {isa = PBXFileReference; lastKnownFileType = sourcecode.swift; path = SignInContainer.swift; sourceTree = "<group>"; };
		949DC170237C1D6F00ED7EC1 /* SignInRepositoryImp.swift */ = {isa = PBXFileReference; lastKnownFileType = sourcecode.swift; path = SignInRepositoryImp.swift; sourceTree = "<group>"; };
		94C1B34023799BAC006AFA55 /* UIViewController+Extensions.swift */ = {isa = PBXFileReference; lastKnownFileType = sourcecode.swift; path = "UIViewController+Extensions.swift"; sourceTree = "<group>"; };
		94C1B34F2379A1FF006AFA55 /* RegisterInfo.swift */ = {isa = PBXFileReference; lastKnownFileType = sourcecode.swift; path = RegisterInfo.swift; sourceTree = "<group>"; };
		94C1B3522379A293006AFA55 /* SignUpRepository.swift */ = {isa = PBXFileReference; lastKnownFileType = sourcecode.swift; path = SignUpRepository.swift; sourceTree = "<group>"; };
		94C1B3542379A302006AFA55 /* SignUpRepositoryImp.swift */ = {isa = PBXFileReference; lastKnownFileType = sourcecode.swift; path = SignUpRepositoryImp.swift; sourceTree = "<group>"; };
		94C1B3562379A9B4006AFA55 /* SignUpInteractor.swift */ = {isa = PBXFileReference; lastKnownFileType = sourcecode.swift; path = SignUpInteractor.swift; sourceTree = "<group>"; };
		94D2E175237AB257004F00CA /* SignUpViewModel.swift */ = {isa = PBXFileReference; lastKnownFileType = sourcecode.swift; path = SignUpViewModel.swift; sourceTree = "<group>"; };
		94D2E177237AB26B004F00CA /* SignUpViewController.swift */ = {isa = PBXFileReference; lastKnownFileType = sourcecode.swift; path = SignUpViewController.swift; sourceTree = "<group>"; };
		94D2E179237AB276004F00CA /* SignUp.storyboard */ = {isa = PBXFileReference; lastKnownFileType = file.storyboard; path = SignUp.storyboard; sourceTree = "<group>"; };
		94D2E17C237AB2B5004F00CA /* SignUpContainer.swift */ = {isa = PBXFileReference; lastKnownFileType = sourcecode.swift; path = SignUpContainer.swift; sourceTree = "<group>"; };
		94D2E181237ACD94004F00CA /* SignUpNavigator.swift */ = {isa = PBXFileReference; lastKnownFileType = sourcecode.swift; path = SignUpNavigator.swift; sourceTree = "<group>"; };
		94D2E183237AD3A1004F00CA /* WelcomeNavigator.swift */ = {isa = PBXFileReference; lastKnownFileType = sourcecode.swift; path = WelcomeNavigator.swift; sourceTree = "<group>"; };
		94D2E186237ADF54004F00CA /* Validator.swift */ = {isa = PBXFileReference; lastKnownFileType = sourcecode.swift; path = Validator.swift; sourceTree = "<group>"; };
		94D2E188237AEAC2004F00CA /* SignIn.storyboard */ = {isa = PBXFileReference; lastKnownFileType = file.storyboard; path = SignIn.storyboard; sourceTree = "<group>"; };
		94D2E18A237AEB0F004F00CA /* SignInViewController.swift */ = {isa = PBXFileReference; lastKnownFileType = sourcecode.swift; path = SignInViewController.swift; sourceTree = "<group>"; };
		B59D20652DB26F028ACF7724 /* Pods_ChatUI.framework */ = {isa = PBXFileReference; explicitFileType = wrapper.framework; includeInIndex = 0; path = Pods_ChatUI.framework; sourceTree = BUILT_PRODUCTS_DIR; };
/* End PBXFileReference section */

/* Begin PBXFrameworksBuildPhase section */
		9446C4432372B6A400D3F220 /* Frameworks */ = {
			isa = PBXFrameworksBuildPhase;
			buildActionMask = 2147483647;
			files = (
				74CBB4A228612B23DE97C7B5 /* Pods_ChatUI.framework in Frameworks */,
			);
			runOnlyForDeploymentPostprocessing = 0;
		};
/* End PBXFrameworksBuildPhase section */

/* Begin PBXGroup section */
		5FF2459D9221125A4030914C /* Frameworks */ = {
			isa = PBXGroup;
			children = (
				B59D20652DB26F028ACF7724 /* Pods_ChatUI.framework */,
			);
			name = Frameworks;
			sourceTree = "<group>";
		};
		941A3B672377E5680042BE30 /* DI */ = {
			isa = PBXGroup;
			children = (
				941A3B682377E5830042BE30 /* ListMessagesContainer.swift */,
			);
			path = DI;
			sourceTree = "<group>";
		};
		941A3B6A2377E69B0042BE30 /* UserManagement */ = {
			isa = PBXGroup;
			children = (
				941A3B6B2377E6C20042BE30 /* UserManagement.storyboard */,
				941A3B6D2377E6EB0042BE30 /* UserManagementViewController.swift */,
			);
			path = UserManagement;
			sourceTree = "<group>";
		};
		941A3B7B2377F31D0042BE30 /* Domain */ = {
			isa = PBXGroup;
			children = (
				941A3B852377F9430042BE30 /* Interactor */,
				941A3B7D2377F3390042BE30 /* Repository */,
			);
			path = Domain;
			sourceTree = "<group>";
		};
		941A3B7C2377F3290042BE30 /* Data */ = {
			isa = PBXGroup;
			children = (
				941A3B802377F3EB0042BE30 /* WelcomeRemoteRepositoryImp.swift */,
			);
			path = Data;
			sourceTree = "<group>";
		};
		941A3B7D2377F3390042BE30 /* Repository */ = {
			isa = PBXGroup;
			children = (
				941A3B7E2377F37B0042BE30 /* WelcomeRemoteRepository.swift */,
			);
			path = Repository;
			sourceTree = "<group>";
		};
		941A3B822377F79E0042BE30 /* UI */ = {
			isa = PBXGroup;
			children = (
				941A3B772377ED270042BE30 /* WelcomeViewController.swift */,
				941A3B832377F7EC0042BE30 /* WelcomeViewModel.swift */,
				94D2E183237AD3A1004F00CA /* WelcomeNavigator.swift */,
			);
			path = UI;
			sourceTree = "<group>";
		};
		941A3B852377F9430042BE30 /* Interactor */ = {
			isa = PBXGroup;
			children = (
				941A3B862377F9720042BE30 /* LoadWelcomeLogo.swift */,
			);
			path = Interactor;
			sourceTree = "<group>";
		};
		941A3B882377FE2E0042BE30 /* DI */ = {
			isa = PBXGroup;
			children = (
				941A3B792377EE0E0042BE30 /* WelcomeContainer.swift */,
			);
			path = DI;
			sourceTree = "<group>";
		};
		94264D7323755AE600D5397D /* App */ = {
			isa = PBXGroup;
			children = (
				94264D8223755CFA00D5397D /* Domain */,
				94264D7F23755C7200D5397D /* Data */,
				9446C4492372B6A400D3F220 /* AppDelegate.swift */,
				9446C44B2372B6A400D3F220 /* SceneDelegate.swift */,
				94264D7423755B0800D5397D /* AppDependencyContainer.swift */,
			);
			path = App;
			sourceTree = "<group>";
		};
		94264D7623755B1900D5397D /* Assets */ = {
			isa = PBXGroup;
			children = (
				94264DA8237589B000D5397D /* GoogleService-Info.plist */,
				9446C4542372B6A600D3F220 /* Assets.xcassets */,
				9446C4562372B6A600D3F220 /* LaunchScreen.storyboard */,
			);
			path = Assets;
			sourceTree = "<group>";
		};
		94264D7923755BA700D5397D /* Data */ = {
			isa = PBXGroup;
			children = (
			);
			path = Data;
			sourceTree = "<group>";
		};
		94264D7A23755BB300D5397D /* Domain */ = {
			isa = PBXGroup;
			children = (
				94264D7D23755BF500D5397D /* Interactor */,
				94264D7C23755BCE00D5397D /* Repository */,
				94264D7B23755BB800D5397D /* Model */,
			);
			path = Domain;
			sourceTree = "<group>";
		};
		94264D7B23755BB800D5397D /* Model */ = {
			isa = PBXGroup;
			children = (
			);
			path = Model;
			sourceTree = "<group>";
		};
		94264D7C23755BCE00D5397D /* Repository */ = {
			isa = PBXGroup;
			children = (
			);
			path = Repository;
			sourceTree = "<group>";
		};
		94264D7D23755BF500D5397D /* Interactor */ = {
			isa = PBXGroup;
			children = (
			);
			path = Interactor;
			sourceTree = "<group>";
		};
		94264D7F23755C7200D5397D /* Data */ = {
			isa = PBXGroup;
			children = (
				94264D8023755CA500D5397D /* LocalRepositoryImp.swift */,
			);
			path = Data;
			sourceTree = "<group>";
		};
		94264D8223755CFA00D5397D /* Domain */ = {
			isa = PBXGroup;
			children = (
				94D2E185237ADF36004F00CA /* Interactor */,
				94264D8623755D4A00D5397D /* Model */,
				94264D8323755D0100D5397D /* Repository */,
			);
			path = Domain;
			sourceTree = "<group>";
		};
		94264D8323755D0100D5397D /* Repository */ = {
			isa = PBXGroup;
			children = (
				94264D8423755D1700D5397D /* LocalRepository.swift */,
			);
			path = Repository;
			sourceTree = "<group>";
		};
		94264D8623755D4A00D5397D /* Model */ = {
			isa = PBXGroup;
			children = (
				94264D8723755D5C00D5397D /* UserSession.swift */,
				94264D8C2375601C00D5397D /* ReadUserSessionError.swift */,
			);
			path = Model;
			sourceTree = "<group>";
		};
		94264D9D23757DD100D5397D /* Reusable */ = {
			isa = PBXGroup;
			children = (
				94264DA123757E2C00D5397D /* UIKit */,
			);
			path = Reusable;
			sourceTree = "<group>";
		};
		94264DA123757E2C00D5397D /* UIKit */ = {
			isa = PBXGroup;
			children = (
				94C1B33F23799B97006AFA55 /* Extensions */,
				94264DA223757E3300D5397D /* NiblessCoponents */,
			);
			path = UIKit;
			sourceTree = "<group>";
		};
		94264DA223757E3300D5397D /* NiblessCoponents */ = {
			isa = PBXGroup;
			children = (
				94264DA323757E6D00D5397D /* NiblessViewController.swift */,
			);
			path = NiblessCoponents;
			sourceTree = "<group>";
		};
		94264DA5237585A300D5397D /* Welcome */ = {
			isa = PBXGroup;
			children = (
				94264DA62375860200D5397D /* Welcome.storyboard */,
				941A3B882377FE2E0042BE30 /* DI */,
				941A3B822377F79E0042BE30 /* UI */,
				941A3B7C2377F3290042BE30 /* Data */,
				941A3B7B2377F31D0042BE30 /* Domain */,
			);
			path = Welcome;
			sourceTree = "<group>";
		};
		9446C43D2372B6A400D3F220 = {
			isa = PBXGroup;
			children = (
				9446C4482372B6A400D3F220 /* ChatUI */,
				9446C4472372B6A400D3F220 /* Products */,
				D42AC423A88DDC1872F5C61C /* Pods */,
				5FF2459D9221125A4030914C /* Frameworks */,
			);
			sourceTree = "<group>";
		};
		9446C4472372B6A400D3F220 /* Products */ = {
			isa = PBXGroup;
			children = (
				9446C4462372B6A400D3F220 /* ChatUI.app */,
			);
			name = Products;
			sourceTree = "<group>";
		};
		9446C4482372B6A400D3F220 /* ChatUI */ = {
			isa = PBXGroup;
			children = (
				94264D9D23757DD100D5397D /* Reusable */,
				9446C4592372B6A600D3F220 /* Info.plist */,
				94264D7623755B1900D5397D /* Assets */,
				94264D7323755AE600D5397D /* App */,
				9446C4652372DCC400D3F220 /* Modules */,
				9446C44F2372B6A400D3F220 /* SecondViewController.swift */,
			);
			path = ChatUI;
			sourceTree = "<group>";
		};
		9446C4652372DCC400D3F220 /* Modules */ = {
			isa = PBXGroup;
			children = (
				94C1B3492379A01E006AFA55 /* SignUp */,
				94C1B34523799FBF006AFA55 /* SignIn */,
				941A3B6A2377E69B0042BE30 /* UserManagement */,
				94264DA5237585A300D5397D /* Welcome */,
				9446C4662372DCEE00D3F220 /* ListMessages */,
			);
			path = Modules;
			sourceTree = "<group>";
		};
		9446C4662372DCEE00D3F220 /* ListMessages */ = {
			isa = PBXGroup;
			children = (
				9446C4512372B6A400D3F220 /* ListMessages.storyboard */,
				941A3B672377E5680042BE30 /* DI */,
				94264D7A23755BB300D5397D /* Domain */,
				94264D7923755BA700D5397D /* Data */,
				9446C4672372DCF900D3F220 /* UI */,
			);
			path = ListMessages;
			sourceTree = "<group>";
		};
		9446C4672372DCF900D3F220 /* UI */ = {
			isa = PBXGroup;
			children = (
				9446C44D2372B6A400D3F220 /* ListMessagesViewController.swift */,
				9446C45F2372B93F00D3F220 /* ListMessageCell.swift */,
				9446C4612372CBB600D3F220 /* ListFriendsCell.swift */,
				9446C4632372D44800D3F220 /* ListFriendsFlowLayout.swift */,
				94264D7723755B9C00D5397D /* ListMessagesViewModel.swift */,
			);
			path = UI;
			sourceTree = "<group>";
		};
		949DC167237C148D00ED7EC1 /* Interactor */ = {
			isa = PBXGroup;
			children = (
				949DC165237C148700ED7EC1 /* SignInInteractor.swift */,
			);
			path = Interactor;
			sourceTree = "<group>";
		};
		949DC168237C149800ED7EC1 /* Repository */ = {
			isa = PBXGroup;
			children = (
				949DC169237C14AA00ED7EC1 /* SignInRepository.swift */,
			);
			path = Repository;
			sourceTree = "<group>";
		};
		949DC16D237C1CEE00ED7EC1 /* DI */ = {
			isa = PBXGroup;
			children = (
				949DC16E237C1CFD00ED7EC1 /* SignInContainer.swift */,
			);
			path = DI;
			sourceTree = "<group>";
		};
		94C1B33F23799B97006AFA55 /* Extensions */ = {
			isa = PBXGroup;
			children = (
				94C1B34023799BAC006AFA55 /* UIViewController+Extensions.swift */,
			);
			path = Extensions;
			sourceTree = "<group>";
		};
		94C1B34523799FBF006AFA55 /* SignIn */ = {
			isa = PBXGroup;
			children = (
				94D2E188237AEAC2004F00CA /* SignIn.storyboard */,
				949DC16D237C1CEE00ED7EC1 /* DI */,
				94C1B34623799FCC006AFA55 /* UI */,
				94C1B34823799FD6006AFA55 /* Data */,
				94C1B34723799FD1006AFA55 /* Domain */,
			);
			path = SignIn;
			sourceTree = "<group>";
		};
		94C1B34623799FCC006AFA55 /* UI */ = {
			isa = PBXGroup;
			children = (
				94D2E18A237AEB0F004F00CA /* SignInViewController.swift */,
				949DC16B237C187D00ED7EC1 /* SignInViewModel.swift */,
			);
			path = UI;
			sourceTree = "<group>";
		};
		94C1B34723799FD1006AFA55 /* Domain */ = {
			isa = PBXGroup;
			children = (
				949DC168237C149800ED7EC1 /* Repository */,
				949DC167237C148D00ED7EC1 /* Interactor */,
			);
			path = Domain;
			sourceTree = "<group>";
		};
		94C1B34823799FD6006AFA55 /* Data */ = {
			isa = PBXGroup;
			children = (
				949DC170237C1D6F00ED7EC1 /* SignInRepositoryImp.swift */,
			);
			path = Data;
			sourceTree = "<group>";
		};
		94C1B3492379A01E006AFA55 /* SignUp */ = {
			isa = PBXGroup;
			children = (
				94D2E179237AB276004F00CA /* SignUp.storyboard */,
				94D2E17B237AB2A4004F00CA /* DI */,
				94C1B34C2379A03E006AFA55 /* UI */,
				94C1B34B2379A038006AFA55 /* Domain */,
				94C1B34A2379A034006AFA55 /* Data */,
			);
			path = SignUp;
			sourceTree = "<group>";
		};
		94C1B34A2379A034006AFA55 /* Data */ = {
			isa = PBXGroup;
			children = (
				94C1B3542379A302006AFA55 /* SignUpRepositoryImp.swift */,
			);
			path = Data;
			sourceTree = "<group>";
		};
		94C1B34B2379A038006AFA55 /* Domain */ = {
			isa = PBXGroup;
			children = (
				94C1B3512379A276006AFA55 /* Repository */,
				94C1B34E2379A05A006AFA55 /* Interactor */,
				94C1B34D2379A045006AFA55 /* Model */,
			);
			path = Domain;
			sourceTree = "<group>";
		};
		94C1B34C2379A03E006AFA55 /* UI */ = {
			isa = PBXGroup;
			children = (
				94D2E175237AB257004F00CA /* SignUpViewModel.swift */,
				94D2E177237AB26B004F00CA /* SignUpViewController.swift */,
				94D2E181237ACD94004F00CA /* SignUpNavigator.swift */,
			);
			path = UI;
			sourceTree = "<group>";
		};
		94C1B34D2379A045006AFA55 /* Model */ = {
			isa = PBXGroup;
			children = (
				94C1B34F2379A1FF006AFA55 /* RegisterInfo.swift */,
			);
			path = Model;
			sourceTree = "<group>";
		};
		94C1B34E2379A05A006AFA55 /* Interactor */ = {
			isa = PBXGroup;
			children = (
				94C1B3562379A9B4006AFA55 /* SignUpInteractor.swift */,
			);
			path = Interactor;
			sourceTree = "<group>";
		};
		94C1B3512379A276006AFA55 /* Repository */ = {
			isa = PBXGroup;
			children = (
				94C1B3522379A293006AFA55 /* SignUpRepository.swift */,
			);
			path = Repository;
			sourceTree = "<group>";
		};
		94D2E17B237AB2A4004F00CA /* DI */ = {
			isa = PBXGroup;
			children = (
				94D2E17C237AB2B5004F00CA /* SignUpContainer.swift */,
			);
			path = DI;
			sourceTree = "<group>";
		};
		94D2E185237ADF36004F00CA /* Interactor */ = {
			isa = PBXGroup;
			children = (
				94D2E186237ADF54004F00CA /* Validator.swift */,
			);
			path = Interactor;
			sourceTree = "<group>";
		};
		D42AC423A88DDC1872F5C61C /* Pods */ = {
			isa = PBXGroup;
			children = (
				6B189352ADD6D8F75042A77B /* Pods-ChatUI.debug.xcconfig */,
				0689F366B19DBB02A23629F3 /* Pods-ChatUI.release.xcconfig */,
			);
			path = Pods;
			sourceTree = "<group>";
		};
/* End PBXGroup section */

/* Begin PBXNativeTarget section */
		9446C4452372B6A400D3F220 /* ChatUI */ = {
			isa = PBXNativeTarget;
			buildConfigurationList = 9446C45C2372B6A600D3F220 /* Build configuration list for PBXNativeTarget "ChatUI" */;
			buildPhases = (
				88D31FAD45A2B014AB5FCFF2 /* [CP] Check Pods Manifest.lock */,
				9446C4422372B6A400D3F220 /* Sources */,
				9446C4432372B6A400D3F220 /* Frameworks */,
				9446C4442372B6A400D3F220 /* Resources */,
				C02DC3FCA4E78758E634EB16 /* [CP] Embed Pods Frameworks */,
			);
			buildRules = (
			);
			dependencies = (
			);
			name = ChatUI;
			productName = ChatUI;
			productReference = 9446C4462372B6A400D3F220 /* ChatUI.app */;
			productType = "com.apple.product-type.application";
		};
/* End PBXNativeTarget section */

/* Begin PBXProject section */
		9446C43E2372B6A400D3F220 /* Project object */ = {
			isa = PBXProject;
			attributes = {
				LastSwiftUpdateCheck = 1120;
				LastUpgradeCheck = 1120;
				ORGANIZATIONNAME = Daylighter;
				TargetAttributes = {
					9446C4452372B6A400D3F220 = {
						CreatedOnToolsVersion = 11.2.1;
					};
				};
			};
			buildConfigurationList = 9446C4412372B6A400D3F220 /* Build configuration list for PBXProject "ChatUI" */;
			compatibilityVersion = "Xcode 9.3";
			developmentRegion = en;
			hasScannedForEncodings = 0;
			knownRegions = (
				en,
				Base,
			);
			mainGroup = 9446C43D2372B6A400D3F220;
			productRefGroup = 9446C4472372B6A400D3F220 /* Products */;
			projectDirPath = "";
			projectRoot = "";
			targets = (
				9446C4452372B6A400D3F220 /* ChatUI */,
			);
		};
/* End PBXProject section */

/* Begin PBXResourcesBuildPhase section */
		9446C4442372B6A400D3F220 /* Resources */ = {
			isa = PBXResourcesBuildPhase;
			buildActionMask = 2147483647;
			files = (
				94D2E189237AEAC2004F00CA /* SignIn.storyboard in Resources */,
				9446C4582372B6A600D3F220 /* LaunchScreen.storyboard in Resources */,
				94264DA72375860200D5397D /* Welcome.storyboard in Resources */,
				94264DA9237589B000D5397D /* GoogleService-Info.plist in Resources */,
				94D2E17A237AB276004F00CA /* SignUp.storyboard in Resources */,
				9446C4552372B6A600D3F220 /* Assets.xcassets in Resources */,
				941A3B6C2377E6C20042BE30 /* UserManagement.storyboard in Resources */,
				9446C4532372B6A400D3F220 /* ListMessages.storyboard in Resources */,
			);
			runOnlyForDeploymentPostprocessing = 0;
		};
/* End PBXResourcesBuildPhase section */

/* Begin PBXShellScriptBuildPhase section */
		88D31FAD45A2B014AB5FCFF2 /* [CP] Check Pods Manifest.lock */ = {
			isa = PBXShellScriptBuildPhase;
			buildActionMask = 2147483647;
			files = (
			);
			inputFileListPaths = (
			);
			inputPaths = (
				"${PODS_PODFILE_DIR_PATH}/Podfile.lock",
				"${PODS_ROOT}/Manifest.lock",
			);
			name = "[CP] Check Pods Manifest.lock";
			outputFileListPaths = (
			);
			outputPaths = (
				"$(DERIVED_FILE_DIR)/Pods-ChatUI-checkManifestLockResult.txt",
			);
			runOnlyForDeploymentPostprocessing = 0;
			shellPath = /bin/sh;
			shellScript = "diff \"${PODS_PODFILE_DIR_PATH}/Podfile.lock\" \"${PODS_ROOT}/Manifest.lock\" > /dev/null\nif [ $? != 0 ] ; then\n    # print error to STDERR\n    echo \"error: The sandbox is not in sync with the Podfile.lock. Run 'pod install' or update your CocoaPods installation.\" >&2\n    exit 1\nfi\n# This output is used by Xcode 'outputs' to avoid re-running this script phase.\necho \"SUCCESS\" > \"${SCRIPT_OUTPUT_FILE_0}\"\n";
			showEnvVarsInLog = 0;
		};
		C02DC3FCA4E78758E634EB16 /* [CP] Embed Pods Frameworks */ = {
			isa = PBXShellScriptBuildPhase;
			buildActionMask = 2147483647;
			files = (
			);
			inputFileListPaths = (
				"${PODS_ROOT}/Target Support Files/Pods-ChatUI/Pods-ChatUI-frameworks-${CONFIGURATION}-input-files.xcfilelist",
			);
			name = "[CP] Embed Pods Frameworks";
			outputFileListPaths = (
				"${PODS_ROOT}/Target Support Files/Pods-ChatUI/Pods-ChatUI-frameworks-${CONFIGURATION}-output-files.xcfilelist",
			);
			runOnlyForDeploymentPostprocessing = 0;
			shellPath = /bin/sh;
			shellScript = "\"${PODS_ROOT}/Target Support Files/Pods-ChatUI/Pods-ChatUI-frameworks.sh\"\n";
			showEnvVarsInLog = 0;
		};
/* End PBXShellScriptBuildPhase section */

/* Begin PBXSourcesBuildPhase section */
		9446C4422372B6A400D3F220 /* Sources */ = {
			isa = PBXSourcesBuildPhase;
			buildActionMask = 2147483647;
			files = (
				94C1B3552379A302006AFA55 /* SignUpRepositoryImp.swift in Sources */,
				94C1B34123799BAC006AFA55 /* UIViewController+Extensions.swift in Sources */,
				94C1B3532379A293006AFA55 /* SignUpRepository.swift in Sources */,
				9446C4502372B6A400D3F220 /* SecondViewController.swift in Sources */,
				94264DA423757E6D00D5397D /* NiblessViewController.swift in Sources */,
				9446C44E2372B6A400D3F220 /* ListMessagesViewController.swift in Sources */,
				94D2E176237AB257004F00CA /* SignUpViewModel.swift in Sources */,
				94264D7523755B0800D5397D /* AppDependencyContainer.swift in Sources */,
				94D2E184237AD3A1004F00CA /* WelcomeNavigator.swift in Sources */,
				94D2E182237ACD94004F00CA /* SignUpNavigator.swift in Sources */,
				949DC16C237C187D00ED7EC1 /* SignInViewModel.swift in Sources */,
				94264D8823755D5C00D5397D /* UserSession.swift in Sources */,
				94D2E17D237AB2B5004F00CA /* SignUpContainer.swift in Sources */,
				94264D8123755CA500D5397D /* LocalRepositoryImp.swift in Sources */,
				941A3B782377ED270042BE30 /* WelcomeViewController.swift in Sources */,
				941A3B872377F9720042BE30 /* LoadWelcomeLogo.swift in Sources */,
				94264D8D2375601C00D5397D /* ReadUserSessionError.swift in Sources */,
				94D2E187237ADF54004F00CA /* Validator.swift in Sources */,
				9446C4622372CBB600D3F220 /* ListFriendsCell.swift in Sources */,
				9446C4602372B93F00D3F220 /* ListMessageCell.swift in Sources */,
				941A3B842377F7EC0042BE30 /* WelcomeViewModel.swift in Sources */,
				94D2E178237AB26B004F00CA /* SignUpViewController.swift in Sources */,
				941A3B812377F3EB0042BE30 /* WelcomeRemoteRepositoryImp.swift in Sources */,
				94C1B3502379A1FF006AFA55 /* RegisterInfo.swift in Sources */,
				941A3B6E2377E6EB0042BE30 /* UserManagementViewController.swift in Sources */,
				94D2E18B237AEB0F004F00CA /* SignInViewController.swift in Sources */,
				9446C44A2372B6A400D3F220 /* AppDelegate.swift in Sources */,
				949DC166237C148700ED7EC1 /* SignInInteractor.swift in Sources */,
				941A3B7F2377F37B0042BE30 /* WelcomeRemoteRepository.swift in Sources */,
				949DC171237C1D6F00ED7EC1 /* SignInRepositoryImp.swift in Sources */,
				94264D7823755B9C00D5397D /* ListMessagesViewModel.swift in Sources */,
				949DC16A237C14AA00ED7EC1 /* SignInRepository.swift in Sources */,
				941A3B7A2377EE0E0042BE30 /* WelcomeContainer.swift in Sources */,
				94264D8523755D1700D5397D /* LocalRepository.swift in Sources */,
				949DC16F237C1CFD00ED7EC1 /* SignInContainer.swift in Sources */,
				9446C44C2372B6A400D3F220 /* SceneDelegate.swift in Sources */,
				941A3B692377E5830042BE30 /* ListMessagesContainer.swift in Sources */,
				94C1B3572379A9B4006AFA55 /* SignUpInteractor.swift in Sources */,
				9446C4642372D44800D3F220 /* ListFriendsFlowLayout.swift in Sources */,
			);
			runOnlyForDeploymentPostprocessing = 0;
		};
/* End PBXSourcesBuildPhase section */

/* Begin PBXVariantGroup section */
		9446C4512372B6A400D3F220 /* ListMessages.storyboard */ = {
			isa = PBXVariantGroup;
			children = (
				9446C4522372B6A400D3F220 /* Base */,
			);
			name = ListMessages.storyboard;
			sourceTree = "<group>";
		};
		9446C4562372B6A600D3F220 /* LaunchScreen.storyboard */ = {
			isa = PBXVariantGroup;
			children = (
				9446C4572372B6A600D3F220 /* Base */,
			);
			name = LaunchScreen.storyboard;
			sourceTree = "<group>";
		};
/* End PBXVariantGroup section */

/* Begin XCBuildConfiguration section */
		9446C45A2372B6A600D3F220 /* Debug */ = {
			isa = XCBuildConfiguration;
			buildSettings = {
				ALWAYS_SEARCH_USER_PATHS = NO;
				CLANG_ANALYZER_NONNULL = YES;
				CLANG_ANALYZER_NUMBER_OBJECT_CONVERSION = YES_AGGRESSIVE;
				CLANG_CXX_LANGUAGE_STANDARD = "gnu++14";
				CLANG_CXX_LIBRARY = "libc++";
				CLANG_ENABLE_MODULES = YES;
				CLANG_ENABLE_OBJC_ARC = YES;
				CLANG_ENABLE_OBJC_WEAK = YES;
				CLANG_WARN_BLOCK_CAPTURE_AUTORELEASING = YES;
				CLANG_WARN_BOOL_CONVERSION = YES;
				CLANG_WARN_COMMA = YES;
				CLANG_WARN_CONSTANT_CONVERSION = YES;
				CLANG_WARN_DEPRECATED_OBJC_IMPLEMENTATIONS = YES;
				CLANG_WARN_DIRECT_OBJC_ISA_USAGE = YES_ERROR;
				CLANG_WARN_DOCUMENTATION_COMMENTS = YES;
				CLANG_WARN_EMPTY_BODY = YES;
				CLANG_WARN_ENUM_CONVERSION = YES;
				CLANG_WARN_INFINITE_RECURSION = YES;
				CLANG_WARN_INT_CONVERSION = YES;
				CLANG_WARN_NON_LITERAL_NULL_CONVERSION = YES;
				CLANG_WARN_OBJC_IMPLICIT_RETAIN_SELF = YES;
				CLANG_WARN_OBJC_LITERAL_CONVERSION = YES;
				CLANG_WARN_OBJC_ROOT_CLASS = YES_ERROR;
				CLANG_WARN_RANGE_LOOP_ANALYSIS = YES;
				CLANG_WARN_STRICT_PROTOTYPES = YES;
				CLANG_WARN_SUSPICIOUS_MOVE = YES;
				CLANG_WARN_UNGUARDED_AVAILABILITY = YES_AGGRESSIVE;
				CLANG_WARN_UNREACHABLE_CODE = YES;
				CLANG_WARN__DUPLICATE_METHOD_MATCH = YES;
				COPY_PHASE_STRIP = NO;
				DEBUG_INFORMATION_FORMAT = dwarf;
				ENABLE_STRICT_OBJC_MSGSEND = YES;
				ENABLE_TESTABILITY = YES;
				GCC_C_LANGUAGE_STANDARD = gnu11;
				GCC_DYNAMIC_NO_PIC = NO;
				GCC_NO_COMMON_BLOCKS = YES;
				GCC_OPTIMIZATION_LEVEL = 0;
				GCC_PREPROCESSOR_DEFINITIONS = (
					"DEBUG=1",
					"$(inherited)",
				);
				GCC_WARN_64_TO_32_BIT_CONVERSION = YES;
				GCC_WARN_ABOUT_RETURN_TYPE = YES_ERROR;
				GCC_WARN_UNDECLARED_SELECTOR = YES;
				GCC_WARN_UNINITIALIZED_AUTOS = YES_AGGRESSIVE;
				GCC_WARN_UNUSED_FUNCTION = YES;
				GCC_WARN_UNUSED_VARIABLE = YES;
				IPHONEOS_DEPLOYMENT_TARGET = 13.2;
				MTL_ENABLE_DEBUG_INFO = INCLUDE_SOURCE;
				MTL_FAST_MATH = YES;
				ONLY_ACTIVE_ARCH = YES;
				SDKROOT = iphoneos;
				SWIFT_ACTIVE_COMPILATION_CONDITIONS = DEBUG;
				SWIFT_OPTIMIZATION_LEVEL = "-Onone";
			};
			name = Debug;
		};
		9446C45B2372B6A600D3F220 /* Release */ = {
			isa = XCBuildConfiguration;
			buildSettings = {
				ALWAYS_SEARCH_USER_PATHS = NO;
				CLANG_ANALYZER_NONNULL = YES;
				CLANG_ANALYZER_NUMBER_OBJECT_CONVERSION = YES_AGGRESSIVE;
				CLANG_CXX_LANGUAGE_STANDARD = "gnu++14";
				CLANG_CXX_LIBRARY = "libc++";
				CLANG_ENABLE_MODULES = YES;
				CLANG_ENABLE_OBJC_ARC = YES;
				CLANG_ENABLE_OBJC_WEAK = YES;
				CLANG_WARN_BLOCK_CAPTURE_AUTORELEASING = YES;
				CLANG_WARN_BOOL_CONVERSION = YES;
				CLANG_WARN_COMMA = YES;
				CLANG_WARN_CONSTANT_CONVERSION = YES;
				CLANG_WARN_DEPRECATED_OBJC_IMPLEMENTATIONS = YES;
				CLANG_WARN_DIRECT_OBJC_ISA_USAGE = YES_ERROR;
				CLANG_WARN_DOCUMENTATION_COMMENTS = YES;
				CLANG_WARN_EMPTY_BODY = YES;
				CLANG_WARN_ENUM_CONVERSION = YES;
				CLANG_WARN_INFINITE_RECURSION = YES;
				CLANG_WARN_INT_CONVERSION = YES;
				CLANG_WARN_NON_LITERAL_NULL_CONVERSION = YES;
				CLANG_WARN_OBJC_IMPLICIT_RETAIN_SELF = YES;
				CLANG_WARN_OBJC_LITERAL_CONVERSION = YES;
				CLANG_WARN_OBJC_ROOT_CLASS = YES_ERROR;
				CLANG_WARN_RANGE_LOOP_ANALYSIS = YES;
				CLANG_WARN_STRICT_PROTOTYPES = YES;
				CLANG_WARN_SUSPICIOUS_MOVE = YES;
				CLANG_WARN_UNGUARDED_AVAILABILITY = YES_AGGRESSIVE;
				CLANG_WARN_UNREACHABLE_CODE = YES;
				CLANG_WARN__DUPLICATE_METHOD_MATCH = YES;
				COPY_PHASE_STRIP = NO;
				DEBUG_INFORMATION_FORMAT = "dwarf-with-dsym";
				ENABLE_NS_ASSERTIONS = NO;
				ENABLE_STRICT_OBJC_MSGSEND = YES;
				GCC_C_LANGUAGE_STANDARD = gnu11;
				GCC_NO_COMMON_BLOCKS = YES;
				GCC_WARN_64_TO_32_BIT_CONVERSION = YES;
				GCC_WARN_ABOUT_RETURN_TYPE = YES_ERROR;
				GCC_WARN_UNDECLARED_SELECTOR = YES;
				GCC_WARN_UNINITIALIZED_AUTOS = YES_AGGRESSIVE;
				GCC_WARN_UNUSED_FUNCTION = YES;
				GCC_WARN_UNUSED_VARIABLE = YES;
				IPHONEOS_DEPLOYMENT_TARGET = 13.2;
				MTL_ENABLE_DEBUG_INFO = NO;
				MTL_FAST_MATH = YES;
				SDKROOT = iphoneos;
				SWIFT_COMPILATION_MODE = wholemodule;
				SWIFT_OPTIMIZATION_LEVEL = "-O";
				VALIDATE_PRODUCT = YES;
			};
			name = Release;
		};
		9446C45D2372B6A600D3F220 /* Debug */ = {
			isa = XCBuildConfiguration;
			baseConfigurationReference = 6B189352ADD6D8F75042A77B /* Pods-ChatUI.debug.xcconfig */;
			buildSettings = {
				ASSETCATALOG_COMPILER_APPICON_NAME = AppIcon;
				CODE_SIGN_STYLE = Automatic;
				DEVELOPMENT_TEAM = "";
				INFOPLIST_FILE = ChatUI/Info.plist;
				LD_RUNPATH_SEARCH_PATHS = (
					"$(inherited)",
					"@executable_path/Frameworks",
				);
				PRODUCT_BUNDLE_IDENTIFIER = com.daylighter.life.ChatUI;
				PRODUCT_NAME = "$(TARGET_NAME)";
				SWIFT_VERSION = 5.0;
				TARGETED_DEVICE_FAMILY = "1,2";
			};
			name = Debug;
		};
		9446C45E2372B6A600D3F220 /* Release */ = {
			isa = XCBuildConfiguration;
			baseConfigurationReference = 0689F366B19DBB02A23629F3 /* Pods-ChatUI.release.xcconfig */;
			buildSettings = {
				ASSETCATALOG_COMPILER_APPICON_NAME = AppIcon;
				CODE_SIGN_STYLE = Automatic;
				DEVELOPMENT_TEAM = "";
				INFOPLIST_FILE = ChatUI/Info.plist;
				LD_RUNPATH_SEARCH_PATHS = (
					"$(inherited)",
					"@executable_path/Frameworks",
				);
				PRODUCT_BUNDLE_IDENTIFIER = com.daylighter.life.ChatUI;
				PRODUCT_NAME = "$(TARGET_NAME)";
				SWIFT_VERSION = 5.0;
				TARGETED_DEVICE_FAMILY = "1,2";
			};
			name = Release;
		};
/* End XCBuildConfiguration section */

/* Begin XCConfigurationList section */
		9446C4412372B6A400D3F220 /* Build configuration list for PBXProject "ChatUI" */ = {
			isa = XCConfigurationList;
			buildConfigurations = (
				9446C45A2372B6A600D3F220 /* Debug */,
				9446C45B2372B6A600D3F220 /* Release */,
			);
			defaultConfigurationIsVisible = 0;
			defaultConfigurationName = Release;
		};
		9446C45C2372B6A600D3F220 /* Build configuration list for PBXNativeTarget "ChatUI" */ = {
			isa = XCConfigurationList;
			buildConfigurations = (
				9446C45D2372B6A600D3F220 /* Debug */,
				9446C45E2372B6A600D3F220 /* Release */,
			);
			defaultConfigurationIsVisible = 0;
			defaultConfigurationName = Release;
		};
/* End XCConfigurationList section */
	};
	rootObject = 9446C43E2372B6A400D3F220 /* Project object */;
}
